// !$*UTF8*$!
{
	archiveVersion = 1;
	classes = {
	};
	objectVersion = 46;
	objects = {

/* Begin PBXAggregateTarget section */
		F908134211D3ED0B00626CC1 /* libdyld */ = {
			isa = PBXAggregateTarget;
			buildConfigurationList = F908135211D3ED9000626CC1 /* Build configuration list for PBXAggregateTarget "libdyld" */;
			buildPhases = (
				F908135111D3ED9000626CC1 /* usr|include|mach-o */,
				F908137011D3FB5000626CC1 /* usr|include */,
				F9C69EFC14EC8AB8009CAE2E /* usr|local|include */,
				F908137111D3FB5000626CC1 /* usr|local|include|mach-o */,
				F908137211D3FB5000626CC1 /* usr|share|man|man1 */,
				F908137311D3FB5000626CC1 /* usr|share|man|man3 */,
				F9F479FE152A63F2008F75C2 /* simulator clean up */,
			);
			dependencies = (
				F9B4D78012AD9736000605A6 /* PBXTargetDependency */,
				F908134811D3ED1A00626CC1 /* PBXTargetDependency */,
			);
			name = libdyld;
			productName = libdyld;
		};
		F9ED4C920630A73900DF4E74 /* all */ = {
			isa = PBXAggregateTarget;
			buildConfigurationList = F9D8C7E5087B087300E93EFB /* Build configuration list for PBXAggregateTarget "all" */;
			buildPhases = (
			);
			dependencies = (
				F9ED4CA70630A78A00DF4E74 /* PBXTargetDependency */,
				F9ED4CA90630A78A00DF4E74 /* PBXTargetDependency */,
				F93937380A94FB6A00070A07 /* PBXTargetDependency */,
			);
			name = all;
			productName = all;
		};
/* End PBXAggregateTarget section */

/* Begin PBXBuildFile section */
		F906E2240639E96400B13DB2 /* dyld_debug.c in Sources */ = {isa = PBXBuildFile; fileRef = F906E2230639E96400B13DB2 /* dyld_debug.c */; };
		F908134C11D3ED6200626CC1 /* dyld.h in usr|include|mach-o */ = {isa = PBXBuildFile; fileRef = F9ED4CEA0630A80600DF4E74 /* dyld.h */; };
		F908134D11D3ED6200626CC1 /* dyld_images.h in usr|include|mach-o */ = {isa = PBXBuildFile; fileRef = F98D274C0AA79D7400416316 /* dyld_images.h */; };
		F908135911D3FA8700626CC1 /* dlfcn.h in usr|include */ = {isa = PBXBuildFile; fileRef = F99EE6AE06B48D4200BF1992 /* dlfcn.h */; };
		F908135D11D3FACD00626CC1 /* dyld-interposing.h in usr|local|include|mach-o */ = {isa = PBXBuildFile; fileRef = F918691408B16D2500E0F9DB /* dyld-interposing.h */; };
		F908135E11D3FACD00626CC1 /* dyld_cache_format.h in usr|local|include|mach-o */ = {isa = PBXBuildFile; fileRef = F93937400A94FC4700070A07 /* dyld_cache_format.h */; };
		F908135F11D3FACD00626CC1 /* dyld_gdb.h in usr|local|include|mach-o */ = {isa = PBXBuildFile; fileRef = F9ED4CE80630A80600DF4E74 /* dyld_gdb.h */; };
		F908136011D3FACD00626CC1 /* dyld_priv.h in usr|local|include|mach-o */ = {isa = PBXBuildFile; fileRef = F9ED4CE90630A80600DF4E74 /* dyld_priv.h */; };
		F908136411D3FB0300626CC1 /* dyld.1 in usr|share|man|man1 */ = {isa = PBXBuildFile; fileRef = EF799FE9070D27BB00F78484 /* dyld.1 */; };
		F908136811D3FB3A00626CC1 /* dladdr.3 in usr|share|man|man3 */ = {isa = PBXBuildFile; fileRef = EF799FEB070D27BB00F78484 /* dladdr.3 */; };
		F908136911D3FB3A00626CC1 /* dlclose.3 in usr|share|man|man3 */ = {isa = PBXBuildFile; fileRef = EF799FEC070D27BB00F78484 /* dlclose.3 */; };
		F908136A11D3FB3A00626CC1 /* dlerror.3 in usr|share|man|man3 */ = {isa = PBXBuildFile; fileRef = EF799FED070D27BB00F78484 /* dlerror.3 */; };
		F908136B11D3FB3A00626CC1 /* dlopen.3 in usr|share|man|man3 */ = {isa = PBXBuildFile; fileRef = EF799FEE070D27BB00F78484 /* dlopen.3 */; };
		F908136C11D3FB3A00626CC1 /* dlsym.3 in usr|share|man|man3 */ = {isa = PBXBuildFile; fileRef = EF799FEF070D27BB00F78484 /* dlsym.3 */; };
		F908136D11D3FB3A00626CC1 /* dyld.3 in usr|share|man|man3 */ = {isa = PBXBuildFile; fileRef = EF799FF0070D27BB00F78484 /* dyld.3 */; };
		F908136E11D3FB3A00626CC1 /* dlopen_preflight.3 in usr|share|man|man3 */ = {isa = PBXBuildFile; fileRef = F9E572000A66EF41007D9BE9 /* dlopen_preflight.3 */; };
		F913FADA0630A8AE00B7AE9D /* dyldAPIsInLibSystem.cpp in Sources */ = {isa = PBXBuildFile; fileRef = F913FAD90630A8AE00B7AE9D /* dyldAPIsInLibSystem.cpp */; };
		F93666E0163B4C42002ECADA /* CoreFoundation.framework in Frameworks */ = {isa = PBXBuildFile; fileRef = F93666DF163B4C42002ECADA /* CoreFoundation.framework */; };
		F93666E2163B4C58002ECADA /* Security.framework in Frameworks */ = {isa = PBXBuildFile; fileRef = F93666E1163B4C58002ECADA /* Security.framework */; };
		F93937470A94FC4700070A07 /* update_dyld_shared_cache.cpp in Sources */ = {isa = PBXBuildFile; fileRef = F93937460A94FC4700070A07 /* update_dyld_shared_cache.cpp */; };
		F94DB9040F0A9B1700323715 /* ImageLoaderMachOClassic.cpp in Sources */ = {isa = PBXBuildFile; fileRef = F94DB9000F0A9B1700323715 /* ImageLoaderMachOClassic.cpp */; };
		F94DB9050F0A9B1700323715 /* ImageLoaderMachOCompressed.cpp in Sources */ = {isa = PBXBuildFile; fileRef = F94DB9020F0A9B1700323715 /* ImageLoaderMachOCompressed.cpp */; settings = {COMPILER_FLAGS = "-O3"; }; };
		F98C78F00F7C02E8006257D2 /* dsc_iterator.h in usr|local|include|mach-o */ = {isa = PBXBuildFile; fileRef = F9F2A56F0F7AEEE300B7C9EB /* dsc_iterator.h */; };
		F99B8E630FEC11B400701838 /* dyld_shared_cache_util.cpp in Sources */ = {isa = PBXBuildFile; fileRef = F99B8E620FEC11B400701838 /* dyld_shared_cache_util.cpp */; };
		F99B8EA30FEC1C4200701838 /* dsc_iterator.cpp in Sources */ = {isa = PBXBuildFile; fileRef = F9F2A56E0F7AEEE300B7C9EB /* dsc_iterator.cpp */; };
		F9A221E70F3A6D7C00D15F73 /* dyldLibSystemGlue.c in Sources */ = {isa = PBXBuildFile; fileRef = F9A221E60F3A6D7C00D15F73 /* dyldLibSystemGlue.c */; };
		F9A6D6E4116F9DF20051CC16 /* threadLocalVariables.c in Sources */ = {isa = PBXBuildFile; fileRef = F9A6D6E2116F9DF20051CC16 /* threadLocalVariables.c */; };
		F9A6D70C116FBBD10051CC16 /* threadLocalHelpers.s in Sources */ = {isa = PBXBuildFile; fileRef = F9A6D70B116FBBD10051CC16 /* threadLocalHelpers.s */; };
		F9BA514B0ECE4F4200D1D62E /* dyld_stub_binder.s in Sources */ = {isa = PBXBuildFile; fileRef = F99EFC0D0EAD60E8001032B8 /* dyld_stub_binder.s */; };
		F9C69EFE14EC8AD2009CAE2E /* objc-shared-cache.h in usr|local|include */ = {isa = PBXBuildFile; fileRef = F9C69EFD14EC8ABF009CAE2E /* objc-shared-cache.h */; };
		F9CE307A1208F1B50098B590 /* dsc_extractor.cpp in Sources */ = {isa = PBXBuildFile; fileRef = F9CE30781208F1B50098B590 /* dsc_extractor.cpp */; };
		F9CE307B1208F1C60098B590 /* dsc_extractor.h in usr|local|include|mach-o */ = {isa = PBXBuildFile; fileRef = F9CE30791208F1B50098B590 /* dsc_extractor.h */; };
		F9D1001814D8D13D00099D91 /* dsc_extractor.cpp in Sources */ = {isa = PBXBuildFile; fileRef = F9CE30781208F1B50098B590 /* dsc_extractor.cpp */; };
		F9D1001D14D8D19500099D91 /* dsc_iterator.cpp in Sources */ = {isa = PBXBuildFile; fileRef = F9F2A56E0F7AEEE300B7C9EB /* dsc_iterator.cpp */; };
		F9D238DB0A9E2FD0002B55C7 /* update_dyld_shared_cache.1 in usr|share|man|man1 */ = {isa = PBXBuildFile; fileRef = F9D238D90A9E19A0002B55C7 /* update_dyld_shared_cache.1 */; };
		F9D49CCC1458B95200F86ADD /* start_glue.s in Sources */ = {isa = PBXBuildFile; fileRef = F9D49CCB1458B95200F86ADD /* start_glue.s */; };
		F9ED4CD60630A7F100DF4E74 /* dyld_gdb.cpp in Sources */ = {isa = PBXBuildFile; fileRef = F9ED4CC60630A7F100DF4E74 /* dyld_gdb.cpp */; };
		F9ED4CD70630A7F100DF4E74 /* dyld.cpp in Sources */ = {isa = PBXBuildFile; fileRef = F9ED4CC70630A7F100DF4E74 /* dyld.cpp */; };
		F9ED4CD90630A7F100DF4E74 /* dyldAPIs.cpp in Sources */ = {isa = PBXBuildFile; fileRef = F9ED4CC90630A7F100DF4E74 /* dyldAPIs.cpp */; };
		F9ED4CDA0630A7F100DF4E74 /* dyldExceptions.c in Sources */ = {isa = PBXBuildFile; fileRef = F9ED4CCA0630A7F100DF4E74 /* dyldExceptions.c */; };
		F9ED4CDB0630A7F100DF4E74 /* dyldInitialization.cpp in Sources */ = {isa = PBXBuildFile; fileRef = F9ED4CCB0630A7F100DF4E74 /* dyldInitialization.cpp */; };
		F9ED4CDE0630A7F100DF4E74 /* dyldNew.cpp in Sources */ = {isa = PBXBuildFile; fileRef = F9ED4CCE0630A7F100DF4E74 /* dyldNew.cpp */; };
		F9ED4CDF0630A7F100DF4E74 /* dyldStartup.s in Sources */ = {isa = PBXBuildFile; fileRef = F9ED4CCF0630A7F100DF4E74 /* dyldStartup.s */; };
		F9ED4CE00630A7F100DF4E74 /* glue.c in Sources */ = {isa = PBXBuildFile; fileRef = F9ED4CD00630A7F100DF4E74 /* glue.c */; };
		F9ED4CE10630A7F100DF4E74 /* ImageLoader.cpp in Sources */ = {isa = PBXBuildFile; fileRef = F9ED4CD10630A7F100DF4E74 /* ImageLoader.cpp */; };
		F9ED4CE30630A7F100DF4E74 /* ImageLoaderMachO.cpp in Sources */ = {isa = PBXBuildFile; fileRef = F9ED4CD30630A7F100DF4E74 /* ImageLoaderMachO.cpp */; };
		F9ED4CE50630A7F100DF4E74 /* stub_binding_helper.s in Sources */ = {isa = PBXBuildFile; fileRef = F9ED4CD50630A7F100DF4E74 /* stub_binding_helper.s */; };
		F9F256360639DBCC00A7427D /* dyldLock.cpp in Sources */ = {isa = PBXBuildFile; fileRef = F9ED4CCC0630A7F100DF4E74 /* dyldLock.cpp */; };
		F9F2A5700F7AEEE300B7C9EB /* dsc_iterator.cpp in Sources */ = {isa = PBXBuildFile; fileRef = F9F2A56E0F7AEEE300B7C9EB /* dsc_iterator.cpp */; };
/* End PBXBuildFile section */

/* Begin PBXBuildRule section */
		F921D3160703769A000D1056 /* PBXBuildRule */ = {
			isa = PBXBuildRule;
			compilerSpec = com.apple.compilers.gcc;
			fileType = sourcecode.cpp;
			isEditable = 1;
			outputFiles = (
			);
		};
		F921D317070376A6000D1056 /* PBXBuildRule */ = {
			isa = PBXBuildRule;
			compilerSpec = com.apple.compilers.gcc;
			fileType = sourcecode.c;
			isEditable = 1;
			outputFiles = (
			);
		};
		F921D318070376B0000D1056 /* PBXBuildRule */ = {
			isa = PBXBuildRule;
			compilerSpec = com.apple.compilers.gcc;
			fileType = sourcecode.asm;
			isEditable = 1;
			outputFiles = (
			);
		};
		F921D31E070376F1000D1056 /* PBXBuildRule */ = {
			isa = PBXBuildRule;
			compilerSpec = com.apple.compilers.gcc;
			fileType = sourcecode.cpp;
			isEditable = 1;
			outputFiles = (
			);
		};
		F9574C4906C94DA700142BFA /* PBXBuildRule */ = {
			isa = PBXBuildRule;
			compilerSpec = com.apple.compilers.gcc;
			fileType = sourcecode.c;
			isEditable = 1;
			outputFiles = (
			);
		};
/* End PBXBuildRule section */

/* Begin PBXContainerItemProxy section */
		F908134711D3ED1A00626CC1 /* PBXContainerItemProxy */ = {
			isa = PBXContainerItemProxy;
			containerPortal = F9ED4C8B0630A72300DF4E74 /* Project object */;
			proxyType = 1;
			remoteGlobalIDString = F9ED4C9E0630A76B00DF4E74;
			remoteInfo = libdyld.dylib;
		};
		F93937370A94FB6A00070A07 /* PBXContainerItemProxy */ = {
			isa = PBXContainerItemProxy;
			containerPortal = F9ED4C8B0630A72300DF4E74 /* Project object */;
			proxyType = 1;
			remoteGlobalIDString = F93937310A94FAF700070A07;
			remoteInfo = update_dyld_shared_cache;
		};
		F99B8E9F0FEC195800701838 /* PBXContainerItemProxy */ = {
			isa = PBXContainerItemProxy;
			containerPortal = F9ED4C8B0630A72300DF4E74 /* Project object */;
			proxyType = 1;
			remoteGlobalIDString = F99B8E550FEC10F600701838;
			remoteInfo = dyld_shared_cache_util;
		};
		F99B8EB10FEC220C00701838 /* PBXContainerItemProxy */ = {
			isa = PBXContainerItemProxy;
			containerPortal = F9ED4C8B0630A72300DF4E74 /* Project object */;
			proxyType = 1;
			remoteGlobalIDString = F99B8E550FEC10F600701838;
			remoteInfo = dyld_shared_cache_util;
		};
		F9B4D77F12AD9736000605A6 /* PBXContainerItemProxy */ = {
			isa = PBXContainerItemProxy;
			containerPortal = F9ED4C8B0630A72300DF4E74 /* Project object */;
			proxyType = 1;
			remoteGlobalIDString = F9F2A5580F7AEE9800B7C9EB;
			remoteInfo = libdsc;
		};
		F9CE330A120F40EA0098B590 /* PBXContainerItemProxy */ = {
			isa = PBXContainerItemProxy;
			containerPortal = F9ED4C8B0630A72300DF4E74 /* Project object */;
			proxyType = 1;
			remoteGlobalIDString = F9F2A5580F7AEE9800B7C9EB;
			remoteInfo = libdsc;
		};
		F9D1004614D8D91100099D91 /* PBXContainerItemProxy */ = {
			isa = PBXContainerItemProxy;
			containerPortal = F9ED4C8B0630A72300DF4E74 /* Project object */;
			proxyType = 1;
			remoteGlobalIDString = F9D1001114D8D0BA00099D91;
			remoteInfo = dsc_extractor;
		};
		F9ED4CA60630A78A00DF4E74 /* PBXContainerItemProxy */ = {
			isa = PBXContainerItemProxy;
			containerPortal = F9ED4C8B0630A72300DF4E74 /* Project object */;
			proxyType = 1;
			remoteGlobalIDString = F9ED4C970630A76000DF4E74;
			remoteInfo = dyld;
		};
		F9ED4CA80630A78A00DF4E74 /* PBXContainerItemProxy */ = {
			isa = PBXContainerItemProxy;
			containerPortal = F9ED4C8B0630A72300DF4E74 /* Project object */;
			proxyType = 1;
			remoteGlobalIDString = F9ED4C9E0630A76B00DF4E74;
			remoteInfo = libdyld;
		};
/* End PBXContainerItemProxy section */

/* Begin PBXCopyFilesBuildPhase section */
		F908135111D3ED9000626CC1 /* usr|include|mach-o */ = {
			isa = PBXCopyFilesBuildPhase;
			buildActionMask = 8;
			dstPath = "$(INSTALL_PATH_PREFIX)//usr/include/mach-o";
			dstSubfolderSpec = 0;
			files = (
				F908134C11D3ED6200626CC1 /* dyld.h in usr|include|mach-o */,
				F908134D11D3ED6200626CC1 /* dyld_images.h in usr|include|mach-o */,
			);
			name = "usr|include|mach-o";
			runOnlyForDeploymentPostprocessing = 1;
		};
		F908137011D3FB5000626CC1 /* usr|include */ = {
			isa = PBXCopyFilesBuildPhase;
			buildActionMask = 8;
			dstPath = "$(INSTALL_PATH_PREFIX)//usr/include";
			dstSubfolderSpec = 0;
			files = (
				F908135911D3FA8700626CC1 /* dlfcn.h in usr|include */,
			);
			name = "usr|include";
			runOnlyForDeploymentPostprocessing = 1;
		};
		F908137111D3FB5000626CC1 /* usr|local|include|mach-o */ = {
			isa = PBXCopyFilesBuildPhase;
			buildActionMask = 8;
			dstPath = "$(INSTALL_PATH_PREFIX)//usr/local/include/mach-o";
			dstSubfolderSpec = 0;
			files = (
				F908135D11D3FACD00626CC1 /* dyld-interposing.h in usr|local|include|mach-o */,
				F908135E11D3FACD00626CC1 /* dyld_cache_format.h in usr|local|include|mach-o */,
				F908135F11D3FACD00626CC1 /* dyld_gdb.h in usr|local|include|mach-o */,
				F908136011D3FACD00626CC1 /* dyld_priv.h in usr|local|include|mach-o */,
			);
			name = "usr|local|include|mach-o";
			runOnlyForDeploymentPostprocessing = 1;
		};
		F908137211D3FB5000626CC1 /* usr|share|man|man1 */ = {
			isa = PBXCopyFilesBuildPhase;
			buildActionMask = 8;
			dstPath = /usr/share/man/man1;
			dstSubfolderSpec = 0;
			files = (
				F908136411D3FB0300626CC1 /* dyld.1 in usr|share|man|man1 */,
			);
			name = "usr|share|man|man1";
			runOnlyForDeploymentPostprocessing = 1;
		};
		F908137311D3FB5000626CC1 /* usr|share|man|man3 */ = {
			isa = PBXCopyFilesBuildPhase;
			buildActionMask = 8;
			dstPath = /usr/share/man/man3;
			dstSubfolderSpec = 0;
			files = (
				F908136811D3FB3A00626CC1 /* dladdr.3 in usr|share|man|man3 */,
				F908136911D3FB3A00626CC1 /* dlclose.3 in usr|share|man|man3 */,
				F908136A11D3FB3A00626CC1 /* dlerror.3 in usr|share|man|man3 */,
				F908136B11D3FB3A00626CC1 /* dlopen.3 in usr|share|man|man3 */,
				F908136C11D3FB3A00626CC1 /* dlsym.3 in usr|share|man|man3 */,
				F908136D11D3FB3A00626CC1 /* dyld.3 in usr|share|man|man3 */,
				F908136E11D3FB3A00626CC1 /* dlopen_preflight.3 in usr|share|man|man3 */,
			);
			name = "usr|share|man|man3";
			runOnlyForDeploymentPostprocessing = 1;
		};
		F98C78D10F7C00EA006257D2 /* usr|local|include|mach-o */ = {
			isa = PBXCopyFilesBuildPhase;
			buildActionMask = 8;
			dstPath = "$(INSTALL_LOCATION)/usr/local/include/mach-o";
			dstSubfolderSpec = 0;
			files = (
				F98C78F00F7C02E8006257D2 /* dsc_iterator.h in usr|local|include|mach-o */,
				F9CE307B1208F1C60098B590 /* dsc_extractor.h in usr|local|include|mach-o */,
			);
			name = "usr|local|include|mach-o";
			runOnlyForDeploymentPostprocessing = 1;
		};
		F9C69EFC14EC8AB8009CAE2E /* usr|local|include */ = {
			isa = PBXCopyFilesBuildPhase;
			buildActionMask = 8;
			dstPath = "$(INSTALL_PATH_PREFIX)//usr/local/include";
			dstSubfolderSpec = 0;
			files = (
				F9C69EFE14EC8AD2009CAE2E /* objc-shared-cache.h in usr|local|include */,
			);
			name = "usr|local|include";
			runOnlyForDeploymentPostprocessing = 1;
		};
		F9D238DD0A9E2FEE002B55C7 /* usr|share|man|man1 */ = {
			isa = PBXCopyFilesBuildPhase;
			buildActionMask = 8;
			dstPath = "$(INSTALL_LOCATION)/usr/$(LOCAL)/share/man/man1";
			dstSubfolderSpec = 0;
			files = (
				F9D238DB0A9E2FD0002B55C7 /* update_dyld_shared_cache.1 in usr|share|man|man1 */,
			);
			name = "usr|share|man|man1";
			runOnlyForDeploymentPostprocessing = 1;
		};
/* End PBXCopyFilesBuildPhase section */

/* Begin PBXFileReference section */
		834A90AB0E1D85D600555761 /* ObjCLegacyAbstraction.hpp */ = {isa = PBXFileReference; fileEncoding = 4; lastKnownFileType = sourcecode.cpp.h; path = ObjCLegacyAbstraction.hpp; sourceTree = "<group>"; };
		834A90AC0E1D85D600555761 /* ObjCModernAbstraction.hpp */ = {isa = PBXFileReference; fileEncoding = 4; lastKnownFileType = sourcecode.cpp.h; path = ObjCModernAbstraction.hpp; sourceTree = "<group>"; };
		EF799FE9070D27BB00F78484 /* dyld.1 */ = {isa = PBXFileReference; fileEncoding = 30; lastKnownFileType = text.man; name = dyld.1; path = doc/man/man1/dyld.1; sourceTree = SOURCE_ROOT; };
		EF799FEB070D27BB00F78484 /* dladdr.3 */ = {isa = PBXFileReference; explicitFileType = text.man; fileEncoding = 30; name = dladdr.3; path = doc/man/man3/dladdr.3; sourceTree = SOURCE_ROOT; };
		EF799FEC070D27BB00F78484 /* dlclose.3 */ = {isa = PBXFileReference; explicitFileType = text.man; fileEncoding = 30; name = dlclose.3; path = doc/man/man3/dlclose.3; sourceTree = SOURCE_ROOT; };
		EF799FED070D27BB00F78484 /* dlerror.3 */ = {isa = PBXFileReference; explicitFileType = text.man; fileEncoding = 30; name = dlerror.3; path = doc/man/man3/dlerror.3; sourceTree = SOURCE_ROOT; };
		EF799FEE070D27BB00F78484 /* dlopen.3 */ = {isa = PBXFileReference; explicitFileType = text.man; fileEncoding = 30; name = dlopen.3; path = doc/man/man3/dlopen.3; sourceTree = SOURCE_ROOT; };
		EF799FEF070D27BB00F78484 /* dlsym.3 */ = {isa = PBXFileReference; explicitFileType = text.man; fileEncoding = 30; name = dlsym.3; path = doc/man/man3/dlsym.3; sourceTree = SOURCE_ROOT; };
		EF799FF0070D27BB00F78484 /* dyld.3 */ = {isa = PBXFileReference; explicitFileType = text.man; fileEncoding = 30; name = dyld.3; path = doc/man/man3/dyld.3; sourceTree = SOURCE_ROOT; };
		F906E2230639E96400B13DB2 /* dyld_debug.c */ = {isa = PBXFileReference; fileEncoding = 30; lastKnownFileType = sourcecode.c.c; name = dyld_debug.c; path = src/dyld_debug.c; sourceTree = "<group>"; };
		F913FAD90630A8AE00B7AE9D /* dyldAPIsInLibSystem.cpp */ = {isa = PBXFileReference; fileEncoding = 30; lastKnownFileType = sourcecode.cpp.cpp; name = dyldAPIsInLibSystem.cpp; path = src/dyldAPIsInLibSystem.cpp; sourceTree = "<group>"; };
		F918691408B16D2500E0F9DB /* dyld-interposing.h */ = {isa = PBXFileReference; fileEncoding = 30; lastKnownFileType = sourcecode.c.h; name = "dyld-interposing.h"; path = "include/mach-o/dyld-interposing.h"; sourceTree = "<group>"; };
		F93666DF163B4C42002ECADA /* CoreFoundation.framework */ = {isa = PBXFileReference; lastKnownFileType = wrapper.framework; name = CoreFoundation.framework; path = /System/Library/Frameworks/CoreFoundation.framework; sourceTree = "<absolute>"; };
		F93666E1163B4C58002ECADA /* Security.framework */ = {isa = PBXFileReference; lastKnownFileType = wrapper.framework; name = Security.framework; path = /System/Library/Frameworks/Security.framework; sourceTree = "<absolute>"; };
		F93937320A94FAF700070A07 /* update_dyld_shared_cache */ = {isa = PBXFileReference; explicitFileType = "compiled.mach-o.executable"; includeInIndex = 0; path = update_dyld_shared_cache; sourceTree = BUILT_PRODUCTS_DIR; };
		F939373E0A94FC4700070A07 /* Architectures.hpp */ = {isa = PBXFileReference; fileEncoding = 30; lastKnownFileType = sourcecode.cpp.h; path = Architectures.hpp; sourceTree = "<group>"; };
		F939373F0A94FC4700070A07 /* CacheFileAbstraction.hpp */ = {isa = PBXFileReference; fileEncoding = 30; lastKnownFileType = sourcecode.cpp.h; path = CacheFileAbstraction.hpp; sourceTree = "<group>"; };
		F93937400A94FC4700070A07 /* dyld_cache_format.h */ = {isa = PBXFileReference; fileEncoding = 30; lastKnownFileType = sourcecode.c.h; path = dyld_cache_format.h; sourceTree = "<group>"; };
		F93937410A94FC4700070A07 /* FileAbstraction.hpp */ = {isa = PBXFileReference; fileEncoding = 30; lastKnownFileType = sourcecode.cpp.h; path = FileAbstraction.hpp; sourceTree = "<group>"; };
		F93937430A94FC4700070A07 /* MachOFileAbstraction.hpp */ = {isa = PBXFileReference; fileEncoding = 30; lastKnownFileType = sourcecode.cpp.h; path = MachOFileAbstraction.hpp; sourceTree = "<group>"; };
		F93937440A94FC4700070A07 /* MachOLayout.hpp */ = {isa = PBXFileReference; fileEncoding = 30; lastKnownFileType = sourcecode.cpp.h; path = MachOLayout.hpp; sourceTree = "<group>"; };
		F93937460A94FC4700070A07 /* update_dyld_shared_cache.cpp */ = {isa = PBXFileReference; fileEncoding = 30; indentWidth = 4; lastKnownFileType = sourcecode.cpp.cpp; path = update_dyld_shared_cache.cpp; sourceTree = "<group>"; tabWidth = 4; usesTabs = 1; };
		F94DB9000F0A9B1700323715 /* ImageLoaderMachOClassic.cpp */ = {isa = PBXFileReference; fileEncoding = 4; lastKnownFileType = sourcecode.cpp.cpp; name = ImageLoaderMachOClassic.cpp; path = src/ImageLoaderMachOClassic.cpp; sourceTree = "<group>"; };
		F94DB9010F0A9B1700323715 /* ImageLoaderMachOClassic.h */ = {isa = PBXFileReference; fileEncoding = 4; lastKnownFileType = sourcecode.c.h; name = ImageLoaderMachOClassic.h; path = src/ImageLoaderMachOClassic.h; sourceTree = "<group>"; };
		F94DB9020F0A9B1700323715 /* ImageLoaderMachOCompressed.cpp */ = {isa = PBXFileReference; fileEncoding = 4; lastKnownFileType = sourcecode.cpp.cpp; name = ImageLoaderMachOCompressed.cpp; path = src/ImageLoaderMachOCompressed.cpp; sourceTree = "<group>"; };
		F94DB9030F0A9B1700323715 /* ImageLoaderMachOCompressed.h */ = {isa = PBXFileReference; fileEncoding = 4; lastKnownFileType = sourcecode.c.h; name = ImageLoaderMachOCompressed.h; path = src/ImageLoaderMachOCompressed.h; sourceTree = "<group>"; };
		F95C95160E994796007B7CB8 /* MachOTrie.hpp */ = {isa = PBXFileReference; fileEncoding = 4; lastKnownFileType = sourcecode.cpp.h; path = MachOTrie.hpp; sourceTree = "<group>"; };
		F976F548127B90F8004BA2A5 /* dyld.order */ = {isa = PBXFileReference; fileEncoding = 4; lastKnownFileType = text; name = dyld.order; path = src/dyld.order; sourceTree = "<group>"; };
		F981BB8B170FC24400A686D6 /* dyldSyscallInterface.h */ = {isa = PBXFileReference; fileEncoding = 4; lastKnownFileType = sourcecode.c.h; name = dyldSyscallInterface.h; path = src/dyldSyscallInterface.h; sourceTree = "<group>"; };
		F98935B90A9A412B00FB6228 /* MachOBinder.hpp */ = {isa = PBXFileReference; fileEncoding = 30; lastKnownFileType = sourcecode.cpp.h; path = MachOBinder.hpp; sourceTree = "<group>"; };
		F98935BA0A9A412B00FB6228 /* MachORebaser.hpp */ = {isa = PBXFileReference; fileEncoding = 30; lastKnownFileType = sourcecode.cpp.h; path = MachORebaser.hpp; sourceTree = "<group>"; };
		F98D274C0AA79D7400416316 /* dyld_images.h */ = {isa = PBXFileReference; fileEncoding = 30; lastKnownFileType = sourcecode.c.h; name = dyld_images.h; path = "include/mach-o/dyld_images.h"; sourceTree = "<group>"; };
		F99B8E620FEC11B400701838 /* dyld_shared_cache_util.cpp */ = {isa = PBXFileReference; fileEncoding = 4; lastKnownFileType = sourcecode.cpp.cpp; path = dyld_shared_cache_util.cpp; sourceTree = "<group>"; };
		F99B8E670FEC121100701838 /* dyld_shared_cache_util */ = {isa = PBXFileReference; explicitFileType = "compiled.mach-o.executable"; includeInIndex = 0; path = dyld_shared_cache_util; sourceTree = BUILT_PRODUCTS_DIR; };
		F99EE6AE06B48D4200BF1992 /* dlfcn.h */ = {isa = PBXFileReference; fileEncoding = 30; lastKnownFileType = sourcecode.c.h; name = dlfcn.h; path = include/dlfcn.h; sourceTree = "<group>"; };
		F99EFC0D0EAD60E8001032B8 /* dyld_stub_binder.s */ = {isa = PBXFileReference; fileEncoding = 4; lastKnownFileType = sourcecode.asm; name = dyld_stub_binder.s; path = src/dyld_stub_binder.s; sourceTree = "<group>"; };
		F9A221E60F3A6D7C00D15F73 /* dyldLibSystemGlue.c */ = {isa = PBXFileReference; fileEncoding = 4; lastKnownFileType = sourcecode.c.c; name = dyldLibSystemGlue.c; path = src/dyldLibSystemGlue.c; sourceTree = "<group>"; };
		F9A6D6E2116F9DF20051CC16 /* threadLocalVariables.c */ = {isa = PBXFileReference; fileEncoding = 4; lastKnownFileType = sourcecode.c.c; name = threadLocalVariables.c; path = src/threadLocalVariables.c; sourceTree = "<group>"; };
		F9A6D70B116FBBD10051CC16 /* threadLocalHelpers.s */ = {isa = PBXFileReference; fileEncoding = 4; lastKnownFileType = sourcecode.asm; name = threadLocalHelpers.s; path = src/threadLocalHelpers.s; sourceTree = "<group>"; };
		F9AB709D0BA75730002F6068 /* dyldLibSystemInterface.h */ = {isa = PBXFileReference; fileEncoding = 30; lastKnownFileType = sourcecode.c.h; name = dyldLibSystemInterface.h; path = src/dyldLibSystemInterface.h; sourceTree = "<group>"; };
		F9AC7E930B7BB67700FEB38B /* version.c */ = {isa = PBXFileReference; fileEncoding = 30; lastKnownFileType = sourcecode.c.c; path = version.c; sourceTree = BUILT_PRODUCTS_DIR; };
		F9AFEA3216F15CE300CB5161 /* start_glue.h */ = {isa = PBXFileReference; fileEncoding = 4; lastKnownFileType = sourcecode.c.h; name = start_glue.h; path = src/start_glue.h; sourceTree = "<group>"; };
		F9B01E3D0739ABDE00CF981B /* dyld.exp */ = {isa = PBXFileReference; fileEncoding = 30; lastKnownFileType = sourcecode.exports; name = dyld.exp; path = src/dyld.exp; sourceTree = SOURCE_ROOT; };
		F9C69EFD14EC8ABF009CAE2E /* objc-shared-cache.h */ = {isa = PBXFileReference; fileEncoding = 4; lastKnownFileType = sourcecode.c.h; name = "objc-shared-cache.h"; path = "include/objc-shared-cache.h"; sourceTree = "<group>"; };
		F9CE30781208F1B50098B590 /* dsc_extractor.cpp */ = {isa = PBXFileReference; fileEncoding = 4; lastKnownFileType = sourcecode.cpp.cpp; path = dsc_extractor.cpp; sourceTree = "<group>"; };
		F9CE30791208F1B50098B590 /* dsc_extractor.h */ = {isa = PBXFileReference; fileEncoding = 4; lastKnownFileType = sourcecode.c.h; path = dsc_extractor.h; sourceTree = "<group>"; };
		F9D1001214D8D0BA00099D91 /* dsc_extractor.bundle */ = {isa = PBXFileReference; explicitFileType = "compiled.mach-o.dylib"; includeInIndex = 0; path = dsc_extractor.bundle; sourceTree = BUILT_PRODUCTS_DIR; };
		F9D238D90A9E19A0002B55C7 /* update_dyld_shared_cache.1 */ = {isa = PBXFileReference; fileEncoding = 30; lastKnownFileType = text.man; path = update_dyld_shared_cache.1; sourceTree = "<group>"; };
		F9D49CCB1458B95200F86ADD /* start_glue.s */ = {isa = PBXFileReference; fileEncoding = 4; lastKnownFileType = sourcecode.asm; name = start_glue.s; path = src/start_glue.s; sourceTree = "<group>"; };
		F9E572000A66EF41007D9BE9 /* dlopen_preflight.3 */ = {isa = PBXFileReference; fileEncoding = 30; lastKnownFileType = text; path = dlopen_preflight.3; sourceTree = "<group>"; };
		F9ED4C980630A76000DF4E74 /* dyld */ = {isa = PBXFileReference; explicitFileType = "compiled.mach-o.executable"; includeInIndex = 0; path = dyld; sourceTree = BUILT_PRODUCTS_DIR; };
		F9ED4C9F0630A76B00DF4E74 /* libdyld.dylib */ = {isa = PBXFileReference; explicitFileType = "compiled.mach-o.dylib"; includeInIndex = 0; path = libdyld.dylib; sourceTree = BUILT_PRODUCTS_DIR; };
		F9ED4CC60630A7F100DF4E74 /* dyld_gdb.cpp */ = {isa = PBXFileReference; fileEncoding = 30; lastKnownFileType = sourcecode.cpp.cpp; name = dyld_gdb.cpp; path = src/dyld_gdb.cpp; sourceTree = SOURCE_ROOT; };
		F9ED4CC70630A7F100DF4E74 /* dyld.cpp */ = {isa = PBXFileReference; fileEncoding = 30; lastKnownFileType = sourcecode.cpp.cpp; name = dyld.cpp; path = src/dyld.cpp; sourceTree = SOURCE_ROOT; };
		F9ED4CC80630A7F100DF4E74 /* dyld.h */ = {isa = PBXFileReference; fileEncoding = 30; lastKnownFileType = sourcecode.c.h; name = dyld.h; path = src/dyld.h; sourceTree = SOURCE_ROOT; };
		F9ED4CC90630A7F100DF4E74 /* dyldAPIs.cpp */ = {isa = PBXFileReference; fileEncoding = 30; lastKnownFileType = sourcecode.cpp.cpp; name = dyldAPIs.cpp; path = src/dyldAPIs.cpp; sourceTree = SOURCE_ROOT; };
		F9ED4CCA0630A7F100DF4E74 /* dyldExceptions.c */ = {isa = PBXFileReference; fileEncoding = 30; lastKnownFileType = sourcecode.c.c; name = dyldExceptions.c; path = src/dyldExceptions.c; sourceTree = SOURCE_ROOT; };
		F9ED4CCB0630A7F100DF4E74 /* dyldInitialization.cpp */ = {isa = PBXFileReference; fileEncoding = 30; lastKnownFileType = sourcecode.cpp.cpp; name = dyldInitialization.cpp; path = src/dyldInitialization.cpp; sourceTree = SOURCE_ROOT; };
		F9ED4CCC0630A7F100DF4E74 /* dyldLock.cpp */ = {isa = PBXFileReference; fileEncoding = 30; lastKnownFileType = sourcecode.cpp.cpp; name = dyldLock.cpp; path = src/dyldLock.cpp; sourceTree = SOURCE_ROOT; };
		F9ED4CCD0630A7F100DF4E74 /* dyldLock.h */ = {isa = PBXFileReference; fileEncoding = 30; lastKnownFileType = sourcecode.c.h; name = dyldLock.h; path = src/dyldLock.h; sourceTree = SOURCE_ROOT; };
		F9ED4CCE0630A7F100DF4E74 /* dyldNew.cpp */ = {isa = PBXFileReference; fileEncoding = 30; lastKnownFileType = sourcecode.cpp.cpp; name = dyldNew.cpp; path = src/dyldNew.cpp; sourceTree = SOURCE_ROOT; };
		F9ED4CCF0630A7F100DF4E74 /* dyldStartup.s */ = {isa = PBXFileReference; fileEncoding = 30; indentWidth = 4; lastKnownFileType = sourcecode.asm; name = dyldStartup.s; path = src/dyldStartup.s; sourceTree = SOURCE_ROOT; tabWidth = 8; usesTabs = 1; };
		F9ED4CD00630A7F100DF4E74 /* glue.c */ = {isa = PBXFileReference; fileEncoding = 30; lastKnownFileType = sourcecode.c.c; name = glue.c; path = src/glue.c; sourceTree = SOURCE_ROOT; };
		F9ED4CD10630A7F100DF4E74 /* ImageLoader.cpp */ = {isa = PBXFileReference; fileEncoding = 30; lastKnownFileType = sourcecode.cpp.cpp; name = ImageLoader.cpp; path = src/ImageLoader.cpp; sourceTree = SOURCE_ROOT; };
		F9ED4CD20630A7F100DF4E74 /* ImageLoader.h */ = {isa = PBXFileReference; fileEncoding = 30; lastKnownFileType = sourcecode.c.h; name = ImageLoader.h; path = src/ImageLoader.h; sourceTree = SOURCE_ROOT; };
		F9ED4CD30630A7F100DF4E74 /* ImageLoaderMachO.cpp */ = {isa = PBXFileReference; fileEncoding = 30; lastKnownFileType = sourcecode.cpp.cpp; name = ImageLoaderMachO.cpp; path = src/ImageLoaderMachO.cpp; sourceTree = SOURCE_ROOT; };
		F9ED4CD40630A7F100DF4E74 /* ImageLoaderMachO.h */ = {isa = PBXFileReference; fileEncoding = 30; lastKnownFileType = sourcecode.c.h; name = ImageLoaderMachO.h; path = src/ImageLoaderMachO.h; sourceTree = SOURCE_ROOT; };
		F9ED4CD50630A7F100DF4E74 /* stub_binding_helper.s */ = {isa = PBXFileReference; fileEncoding = 30; indentWidth = 4; lastKnownFileType = sourcecode.asm; name = stub_binding_helper.s; path = src/stub_binding_helper.s; sourceTree = SOURCE_ROOT; tabWidth = 8; usesTabs = 1; };
		F9ED4CE80630A80600DF4E74 /* dyld_gdb.h */ = {isa = PBXFileReference; fileEncoding = 30; lastKnownFileType = sourcecode.c.h; name = dyld_gdb.h; path = "include/mach-o/dyld_gdb.h"; sourceTree = SOURCE_ROOT; };
		F9ED4CE90630A80600DF4E74 /* dyld_priv.h */ = {isa = PBXFileReference; fileEncoding = 30; lastKnownFileType = sourcecode.c.h; name = dyld_priv.h; path = "include/mach-o/dyld_priv.h"; sourceTree = SOURCE_ROOT; };
		F9ED4CEA0630A80600DF4E74 /* dyld.h */ = {isa = PBXFileReference; fileEncoding = 30; lastKnownFileType = sourcecode.c.h; name = dyld.h; path = "include/mach-o/dyld.h"; sourceTree = SOURCE_ROOT; };
		F9F2A5590F7AEE9800B7C9EB /* libdsc.a */ = {isa = PBXFileReference; explicitFileType = archive.ar; includeInIndex = 0; path = libdsc.a; sourceTree = BUILT_PRODUCTS_DIR; };
		F9F2A56E0F7AEEE300B7C9EB /* dsc_iterator.cpp */ = {isa = PBXFileReference; fileEncoding = 4; lastKnownFileType = sourcecode.cpp.cpp; path = dsc_iterator.cpp; sourceTree = "<group>"; };
		F9F2A56F0F7AEEE300B7C9EB /* dsc_iterator.h */ = {isa = PBXFileReference; fileEncoding = 4; lastKnownFileType = sourcecode.c.h; path = dsc_iterator.h; sourceTree = "<group>"; };
/* End PBXFileReference section */

/* Begin PBXFrameworksBuildPhase section */
		F93937300A94FAF700070A07 /* Frameworks */ = {
			isa = PBXFrameworksBuildPhase;
			buildActionMask = 2147483647;
			files = (
				F93666E2163B4C58002ECADA /* Security.framework in Frameworks */,
				F93666E0163B4C42002ECADA /* CoreFoundation.framework in Frameworks */,
			);
			runOnlyForDeploymentPostprocessing = 0;
		};
		F99B8E540FEC10F600701838 /* Frameworks */ = {
			isa = PBXFrameworksBuildPhase;
			buildActionMask = 2147483647;
			files = (
			);
			runOnlyForDeploymentPostprocessing = 0;
		};
		F9D1001014D8D0BA00099D91 /* Frameworks */ = {
			isa = PBXFrameworksBuildPhase;
			buildActionMask = 2147483647;
			files = (
			);
			runOnlyForDeploymentPostprocessing = 0;
		};
		F9F2A5570F7AEE9800B7C9EB /* Frameworks */ = {
			isa = PBXFrameworksBuildPhase;
			buildActionMask = 2147483647;
			files = (
			);
			runOnlyForDeploymentPostprocessing = 0;
		};
/* End PBXFrameworksBuildPhase section */

/* Begin PBXGroup section */
		EF799FE7070D27BB00F78484 /* man */ = {
			isa = PBXGroup;
			children = (
				EF799FE8070D27BB00F78484 /* man1 */,
				EF799FEA070D27BB00F78484 /* man3 */,
			);
			name = man;
			path = doc/man;
			sourceTree = SOURCE_ROOT;
		};
		EF799FE8070D27BB00F78484 /* man1 */ = {
			isa = PBXGroup;
			children = (
				EF799FE9070D27BB00F78484 /* dyld.1 */,
				F9D238D90A9E19A0002B55C7 /* update_dyld_shared_cache.1 */,
			);
			name = man1;
			path = doc/man/man1;
			sourceTree = SOURCE_ROOT;
		};
		EF799FEA070D27BB00F78484 /* man3 */ = {
			isa = PBXGroup;
			children = (
				EF799FEB070D27BB00F78484 /* dladdr.3 */,
				EF799FEC070D27BB00F78484 /* dlclose.3 */,
				EF799FED070D27BB00F78484 /* dlerror.3 */,
				EF799FEE070D27BB00F78484 /* dlopen.3 */,
				EF799FEF070D27BB00F78484 /* dlsym.3 */,
				F9E572000A66EF41007D9BE9 /* dlopen_preflight.3 */,
				EF799FF0070D27BB00F78484 /* dyld.3 */,
			);
			name = man3;
			path = doc/man/man3;
			sourceTree = SOURCE_ROOT;
		};
		F939373D0A94FC4700070A07 /* launch-cache */ = {
			isa = PBXGroup;
			children = (
				F93666E1163B4C58002ECADA /* Security.framework */,
				F93666DF163B4C42002ECADA /* CoreFoundation.framework */,
				F939373E0A94FC4700070A07 /* Architectures.hpp */,
				F939373F0A94FC4700070A07 /* CacheFileAbstraction.hpp */,
				F93937400A94FC4700070A07 /* dyld_cache_format.h */,
				F93937410A94FC4700070A07 /* FileAbstraction.hpp */,
				F93937430A94FC4700070A07 /* MachOFileAbstraction.hpp */,
				F93937440A94FC4700070A07 /* MachOLayout.hpp */,
				F98935BA0A9A412B00FB6228 /* MachORebaser.hpp */,
				F98935B90A9A412B00FB6228 /* MachOBinder.hpp */,
				F95C95160E994796007B7CB8 /* MachOTrie.hpp */,
				834A90AB0E1D85D600555761 /* ObjCLegacyAbstraction.hpp */,
				834A90AC0E1D85D600555761 /* ObjCModernAbstraction.hpp */,
				F93937460A94FC4700070A07 /* update_dyld_shared_cache.cpp */,
				F9F2A56E0F7AEEE300B7C9EB /* dsc_iterator.cpp */,
				F9F2A56F0F7AEEE300B7C9EB /* dsc_iterator.h */,
				F9CE30781208F1B50098B590 /* dsc_extractor.cpp */,
				F9CE30791208F1B50098B590 /* dsc_extractor.h */,
				F99B8E620FEC11B400701838 /* dyld_shared_cache_util.cpp */,
			);
			path = "launch-cache";
			sourceTree = "<group>";
		};
		F9ED4C870630A72200DF4E74 = {
			isa = PBXGroup;
			children = (
				F9ED4CBB0630A7AA00DF4E74 /* src */,
				F9ED4CC30630A7BE00DF4E74 /* doc */,
				F9ED4CBE0630A7B100DF4E74 /* include */,
				F9ED4C990630A76000DF4E74 /* Products */,
				F939373D0A94FC4700070A07 /* launch-cache */,
			);
			indentWidth = 4;
			sourceTree = "<group>";
			tabWidth = 4;
			usesTabs = 1;
		};
		F9ED4C990630A76000DF4E74 /* Products */ = {
			isa = PBXGroup;
			children = (
				F9ED4C980630A76000DF4E74 /* dyld */,
				F9ED4C9F0630A76B00DF4E74 /* libdyld.dylib */,
				F93937320A94FAF700070A07 /* update_dyld_shared_cache */,
				F9F2A5590F7AEE9800B7C9EB /* libdsc.a */,
				F99B8E670FEC121100701838 /* dyld_shared_cache_util */,
				F9D1001214D8D0BA00099D91 /* dsc_extractor.bundle */,
			);
			name = Products;
			sourceTree = "<group>";
		};
		F9ED4CBB0630A7AA00DF4E74 /* src */ = {
			isa = PBXGroup;
			children = (
				F9ED4CC60630A7F100DF4E74 /* dyld_gdb.cpp */,
				F9ED4CC70630A7F100DF4E74 /* dyld.cpp */,
				F9ED4CC80630A7F100DF4E74 /* dyld.h */,
				F9ED4CC90630A7F100DF4E74 /* dyldAPIs.cpp */,
				F9ED4CCA0630A7F100DF4E74 /* dyldExceptions.c */,
				F9AB709D0BA75730002F6068 /* dyldLibSystemInterface.h */,
				F913FAD90630A8AE00B7AE9D /* dyldAPIsInLibSystem.cpp */,
				F9ED4CCB0630A7F100DF4E74 /* dyldInitialization.cpp */,
				F9ED4CCC0630A7F100DF4E74 /* dyldLock.cpp */,
				F9ED4CCD0630A7F100DF4E74 /* dyldLock.h */,
				F9ED4CCE0630A7F100DF4E74 /* dyldNew.cpp */,
				F9ED4CCF0630A7F100DF4E74 /* dyldStartup.s */,
				F9D49CCB1458B95200F86ADD /* start_glue.s */,
				F9AFEA3216F15CE300CB5161 /* start_glue.h */,
				F99EFC0D0EAD60E8001032B8 /* dyld_stub_binder.s */,
				F9ED4CD00630A7F100DF4E74 /* glue.c */,
				F981BB8B170FC24400A686D6 /* dyldSyscallInterface.h */,
				F9ED4CD10630A7F100DF4E74 /* ImageLoader.cpp */,
				F9ED4CD20630A7F100DF4E74 /* ImageLoader.h */,
				F9ED4CD30630A7F100DF4E74 /* ImageLoaderMachO.cpp */,
				F9ED4CD40630A7F100DF4E74 /* ImageLoaderMachO.h */,
				F94DB9000F0A9B1700323715 /* ImageLoaderMachOClassic.cpp */,
				F94DB9010F0A9B1700323715 /* ImageLoaderMachOClassic.h */,
				F94DB9020F0A9B1700323715 /* ImageLoaderMachOCompressed.cpp */,
				F94DB9030F0A9B1700323715 /* ImageLoaderMachOCompressed.h */,
				F9ED4CD50630A7F100DF4E74 /* stub_binding_helper.s */,
				F9B01E3D0739ABDE00CF981B /* dyld.exp */,
				F976F548127B90F8004BA2A5 /* dyld.order */,
				F9AC7E930B7BB67700FEB38B /* version.c */,
				F918691408B16D2500E0F9DB /* dyld-interposing.h */,
				F9A221E60F3A6D7C00D15F73 /* dyldLibSystemGlue.c */,
				F906E2230639E96400B13DB2 /* dyld_debug.c */,
				F9A6D6E2116F9DF20051CC16 /* threadLocalVariables.c */,
				F9A6D70B116FBBD10051CC16 /* threadLocalHelpers.s */,
			);
			name = src;
			sourceTree = "<group>";
		};
		F9ED4CBE0630A7B100DF4E74 /* include */ = {
			isa = PBXGroup;
			children = (
				F98D274C0AA79D7400416316 /* dyld_images.h */,
				F9ED4CE80630A80600DF4E74 /* dyld_gdb.h */,
				F9ED4CE90630A80600DF4E74 /* dyld_priv.h */,
				F9ED4CEA0630A80600DF4E74 /* dyld.h */,
				F99EE6AE06B48D4200BF1992 /* dlfcn.h */,
				F9C69EFD14EC8ABF009CAE2E /* objc-shared-cache.h */,
			);
			name = include;
			sourceTree = "<group>";
		};
		F9ED4CC30630A7BE00DF4E74 /* doc */ = {
			isa = PBXGroup;
			children = (
				EF799FE7070D27BB00F78484 /* man */,
			);
			name = doc;
			sourceTree = SOURCE_ROOT;
		};
/* End PBXGroup section */

/* Begin PBXHeadersBuildPhase section */
		F9D1000E14D8D0BA00099D91 /* Headers */ = {
			isa = PBXHeadersBuildPhase;
			buildActionMask = 2147483647;
			files = (
			);
			runOnlyForDeploymentPostprocessing = 0;
		};
/* End PBXHeadersBuildPhase section */

/* Begin PBXNativeTarget section */
		F93937310A94FAF700070A07 /* update_dyld_shared_cache */ = {
			isa = PBXNativeTarget;
			buildConfigurationList = F93937340A94FB2900070A07 /* Build configuration list for PBXNativeTarget "update_dyld_shared_cache" */;
			buildPhases = (
				F91083C91702592700831889 /* create dyld_cache_config.h */,
				F939372F0A94FAF700070A07 /* Sources */,
				F93937300A94FAF700070A07 /* Frameworks */,
				F9D238DD0A9E2FEE002B55C7 /* usr|share|man|man1 */,
				F991E3030FF1A4EC0082CCC9 /* do not install duplicates */,
			);
			buildRules = (
			);
			dependencies = (
				F99B8EA00FEC195800701838 /* PBXTargetDependency */,
				F9CE330B120F40EA0098B590 /* PBXTargetDependency */,
				F9D1004714D8D91100099D91 /* PBXTargetDependency */,
			);
			name = update_dyld_shared_cache;
			productName = update_dyld_shared_cache;
			productReference = F93937320A94FAF700070A07 /* update_dyld_shared_cache */;
			productType = "com.apple.product-type.tool";
		};
		F99B8E550FEC10F600701838 /* dyld_shared_cache_util */ = {
			isa = PBXNativeTarget;
			buildConfigurationList = F99B8E5D0FEC10F800701838 /* Build configuration list for PBXNativeTarget "dyld_shared_cache_util" */;
			buildPhases = (
				F99B8E530FEC10F600701838 /* Sources */,
				F99B8E540FEC10F600701838 /* Frameworks */,
			);
			buildRules = (
			);
			dependencies = (
			);
			name = dyld_shared_cache_util;
			productName = dscutil;
			productReference = F99B8E670FEC121100701838 /* dyld_shared_cache_util */;
			productType = "com.apple.product-type.tool";
		};
		F9D1001114D8D0BA00099D91 /* dsc_extractor */ = {
			isa = PBXNativeTarget;
			buildConfigurationList = F9D1001714D8D0F100099D91 /* Build configuration list for PBXNativeTarget "dsc_extractor" */;
			buildPhases = (
				F9D1000E14D8D0BA00099D91 /* Headers */,
				F9D1000F14D8D0BA00099D91 /* Sources */,
				F9D1001014D8D0BA00099D91 /* Frameworks */,
			);
			buildRules = (
			);
			dependencies = (
			);
			name = dsc_extractor;
			productName = dsc_extractor;
			productReference = F9D1001214D8D0BA00099D91 /* dsc_extractor.bundle */;
			productType = "com.apple.product-type.library.dynamic";
		};
		F9ED4C970630A76000DF4E74 /* dyld */ = {
			isa = PBXNativeTarget;
			buildConfigurationList = F9D8C7DD087B087300E93EFB /* Build configuration list for PBXNativeTarget "dyld" */;
			buildPhases = (
				F9D050C811DD701A00FB0A29 /* configure archives */,
				F9ED4C950630A76000DF4E74 /* Sources */,
				F907E2490FA6469000BFEDBD /* install iPhone file */,
				F99B8EB60FEC236500701838 /* suppress macosx dyld_shared_cache_util */,
			);
			buildRules = (
				F921D318070376B0000D1056 /* PBXBuildRule */,
				F921D317070376A6000D1056 /* PBXBuildRule */,
				F921D3160703769A000D1056 /* PBXBuildRule */,
			);
			dependencies = (
				F99B8EB20FEC220C00701838 /* PBXTargetDependency */,
			);
			name = dyld;
			productName = dyld;
			productReference = F9ED4C980630A76000DF4E74 /* dyld */;
			productType = "com.apple.product-type.tool";
		};
		F9ED4C9E0630A76B00DF4E74 /* libdyld.dylib */ = {
			isa = PBXNativeTarget;
			buildConfigurationList = F9D8C7E1087B087300E93EFB /* Build configuration list for PBXNativeTarget "libdyld.dylib" */;
			buildPhases = (
				F9ED4C9C0630A76B00DF4E74 /* Sources */,
			);
			buildRules = (
				F921D31E070376F1000D1056 /* PBXBuildRule */,
				F9574C4906C94DA700142BFA /* PBXBuildRule */,
			);
			dependencies = (
			);
			name = libdyld.dylib;
			productName = libdyld;
			productReference = F9ED4C9F0630A76B00DF4E74 /* libdyld.dylib */;
			productType = "com.apple.product-type.library.dynamic";
		};
		F9F2A5580F7AEE9800B7C9EB /* libdsc */ = {
			isa = PBXNativeTarget;
			buildConfigurationList = F9F2A56B0F7AEEB100B7C9EB /* Build configuration list for PBXNativeTarget "libdsc" */;
			buildPhases = (
				F9F2A5560F7AEE9800B7C9EB /* Sources */,
				F9F2A5570F7AEE9800B7C9EB /* Frameworks */,
				F98C78D10F7C00EA006257D2 /* usr|local|include|mach-o */,
			);
			buildRules = (
			);
			dependencies = (
			);
			name = libdsc;
			productName = dsc;
			productReference = F9F2A5590F7AEE9800B7C9EB /* libdsc.a */;
			productType = "com.apple.product-type.library.static";
		};
/* End PBXNativeTarget section */

/* Begin PBXProject section */
		F9ED4C8B0630A72300DF4E74 /* Project object */ = {
			isa = PBXProject;
			attributes = {
				LastUpgradeCheck = 0440;
			};
			buildConfigurationList = F9D8C7E9087B087300E93EFB /* Build configuration list for PBXProject "dyld" */;
			compatibilityVersion = "Xcode 3.2";
			developmentRegion = English;
			hasScannedForEncodings = 1;
			knownRegions = (
				English,
				Japanese,
				French,
				German,
			);
			mainGroup = F9ED4C870630A72200DF4E74;
			productRefGroup = F9ED4C990630A76000DF4E74 /* Products */;
			projectDirPath = "";
			projectRoot = "";
			targets = (
				F9ED4C920630A73900DF4E74 /* all */,
				F9ED4C970630A76000DF4E74 /* dyld */,
				F908134211D3ED0B00626CC1 /* libdyld */,
				F9ED4C9E0630A76B00DF4E74 /* libdyld.dylib */,
				F93937310A94FAF700070A07 /* update_dyld_shared_cache */,
				F9F2A5580F7AEE9800B7C9EB /* libdsc */,
				F99B8E550FEC10F600701838 /* dyld_shared_cache_util */,
				F9D1001114D8D0BA00099D91 /* dsc_extractor */,
			);
		};
/* End PBXProject section */

/* Begin PBXShellScriptBuildPhase section */
		F907E2490FA6469000BFEDBD /* install iPhone file */ = {
			isa = PBXShellScriptBuildPhase;
			buildActionMask = 8;
			files = (
			);
			inputPaths = (
			);
			name = "install iPhone file";
			outputPaths = (
			);
			runOnlyForDeploymentPostprocessing = 1;
			shellPath = /bin/sh;
			shellScript = "if [ \"${PLATFORM_NAME}\" = \"iphoneos\" ] \nthen\n\tmkdir -p ${DSTROOT}//System/Library/Caches/com.apple.dyld\n\techo \"existence of this file enables dyld to have dylibs override shared cache\" > ${DSTROOT}//System/Library/Caches/com.apple.dyld/enable-dylibs-to-override-cache\nfi\n";
			showEnvVarsInLog = 0;
		};
		F91083C91702592700831889 /* create dyld_cache_config.h */ = {
			isa = PBXShellScriptBuildPhase;
			buildActionMask = 2147483647;
			files = (
			);
			inputPaths = (
			);
			name = "create dyld_cache_config.h";
			outputPaths = (
				"$(DERIVED_FILE_DIR)/dyld_cache_config.h",
			);
			runOnlyForDeploymentPostprocessing = 0;
			shellPath = /bin/bash;
			shellScript = "echo \"\" > ${DERIVED_FILE_DIR}/dyld_cache_config.h\n\nif [ -n \"${ARM_SDK}\" ]; then\n\techo -n \"#define ARM_SHARED_REGION_START \"  >> ${DERIVED_FILE_DIR}/dyld_cache_config.h\n\tawk '/define SHARED_REGION_BASE_ARM[ \\t]/ { print $3;}' \"${ARM_SDK}/usr/include/mach/shared_region.h\" >> ${DERIVED_FILE_DIR}/dyld_cache_config.h\n\techo \"\"  >> ${DERIVED_FILE_DIR}/dyld_cache_config.h\n\n\techo -n \"#define ARM_SHARED_REGION_SIZE \"  >> ${DERIVED_FILE_DIR}/dyld_cache_config.h\n\tawk '/define SHARED_REGION_SIZE_ARM[ \\t]/ { print $3;}' \"${ARM_SDK}/usr/include/mach/shared_region.h\" >> ${DERIVED_FILE_DIR}/dyld_cache_config.h\n\techo \"\"  >> ${DERIVED_FILE_DIR}/dyld_cache_config.h\nelse\n\tif [ -z ${RC_PURPLE} ]; then \n\t\techo \"#define ARM_SHARED_REGION_START 0x30000000 \" >> ${DERIVED_FILE_DIR}/dyld_cache_config.h\n\t\techo \"#define ARM_SHARED_REGION_SIZE  0x10000000 \" >> ${DERIVED_FILE_DIR}/dyld_cache_config.h\n\tfi\nfi\n\n";
			showEnvVarsInLog = 0;
		};
		F991E3030FF1A4EC0082CCC9 /* do not install duplicates */ = {
			isa = PBXShellScriptBuildPhase;
			buildActionMask = 8;
			files = (
			);
			inputPaths = (
			);
			name = "do not install duplicates";
			outputPaths = (
			);
			runOnlyForDeploymentPostprocessing = 1;
			shellPath = /bin/sh;
			shellScript = "if [ \"${INSTALL_LOCATION}\" = \"\" ] \nthen\n     # on iOS, libdyld builds arm libdsc.a and u_d_s_c builds intel libdsc.a\n     # on MacOSX, to avoid collision, u_d_s_c does not install libdsc.a\n\trm -rf ${DSTROOT}/usr/local/include\n\trm -rf ${DSTROOT}/usr/local/lib\nfi\n\nif [ -n \"${RC_PURPLE}\" ]\nthen\n    mkdir -p \"${DSTROOT}/${DEVELOPER_DIR}/Platforms/iPhoneOS.platform/usr/lib\"\n    mv \"${DSTROOT}/${DEVELOPER_DIR}/Platforms/iPhoneOS.platform/usr/local/lib/dsc_extractor.bundle\" \"${DSTROOT}/${DEVELOPER_DIR}/Platforms/iPhoneOS.platform/usr/lib/dsc_extractor.bundle\"\nfi";
			showEnvVarsInLog = 0;
		};
		F99B8EB60FEC236500701838 /* suppress macosx dyld_shared_cache_util */ = {
			isa = PBXShellScriptBuildPhase;
			buildActionMask = 8;
			files = (
			);
			inputPaths = (
			);
			name = "suppress macosx dyld_shared_cache_util";
			outputPaths = (
			);
			runOnlyForDeploymentPostprocessing = 1;
			shellPath = /bin/sh;
			shellScript = "# iPhone wants a copy of dyld_shared_cache_util on the device\n# MacOSX does not need a copy because update_dyld_shared_cache target already installed a copy\nif [ \"${PLATFORM_NAME}\" = \"macosx\" ] \nthen\n\trm -rf ${DSTROOT}/usr/local\nfi\n";
			showEnvVarsInLog = 0;
		};
		F9D050C811DD701A00FB0A29 /* configure archives */ = {
			isa = PBXShellScriptBuildPhase;
			buildActionMask = 12;
			files = (
			);
			inputPaths = (
			);
			name = "configure archives";
			outputPaths = (
				"$(DERIVED_SOURCES_DIR)/archives.txt",
			);
			runOnlyForDeploymentPostprocessing = 0;
			shellPath = /bin/sh;
			shellScript = "# link with all .a files in /usr/local/lib/dyld\nls -1 ${SDKROOT}/usr/local/lib/dyld/*.a > ${DERIVED_SOURCES_DIR}/archives.txt \n\n# link with crash report archive if it exists\nif [ -f ${SDKROOT}/usr/local/lib/libCrashReporterClient.a ]\nthen\n  echo \\\"${SDKROOT}/usr/local/lib/libCrashReporterClient.a\\\" >> ${DERIVED_SOURCES_DIR}/archives.txt \nfi\n\n";
			showEnvVarsInLog = 0;
		};
		F9F479FE152A63F2008F75C2 /* simulator clean up */ = {
			isa = PBXShellScriptBuildPhase;
			buildActionMask = 2147483647;
			files = (
			);
			inputPaths = (
			);
			name = "simulator clean up";
			outputPaths = (
			);
			runOnlyForDeploymentPostprocessing = 0;
			shellPath = /bin/sh;
			shellScript = "# simulator needs just headers and dylib\nif [ \"${PLATFORM_NAME}\" = \"iphonesimulator\" ] \nthen\n\tmkdir -p ${DSTROOT}/${SDKROOT}/usr/lib/system/\n\tmv ${DSTROOT}/usr/lib/system/libdyld_sim.dylib   ${DSTROOT}/${SDKROOT}/usr/lib/system/\n\tmkdir -p ${DSTROOT}/${SDKROOT}/usr/local/include/mach-o\n\tmv ${DSTROOT}/usr/local/include/mach-o/dsc_iterator.h   ${DSTROOT}/${SDKROOT}/usr/local/include/mach-o/dsc_iterator.h\n\trm -rf ${DSTROOT}/usr/\n\tmkdir ${DSTROOT}/${SDKROOT}/usr/lib/system/host\n\tln -s /usr/lib/system/libdyld.dylib ${DSTROOT}/${SDKROOT}/usr/lib/system/host/libdyld.dylib\n\tinstall_name_tool -change /usr/lib/system/libdyld.dylib /usr/lib/system/host/libdyld.dylib ${DSTROOT}/${SDKROOT}/usr/lib/system/libdyld_sim.dylib\nfi\n";
			showEnvVarsInLog = 0;
		};
/* End PBXShellScriptBuildPhase section */

/* Begin PBXSourcesBuildPhase section */
		F939372F0A94FAF700070A07 /* Sources */ = {
			isa = PBXSourcesBuildPhase;
			buildActionMask = 2147483647;
			files = (
				F93937470A94FC4700070A07 /* update_dyld_shared_cache.cpp in Sources */,
			);
			runOnlyForDeploymentPostprocessing = 0;
		};
		F99B8E530FEC10F600701838 /* Sources */ = {
			isa = PBXSourcesBuildPhase;
			buildActionMask = 2147483647;
			files = (
				F99B8EA30FEC1C4200701838 /* dsc_iterator.cpp in Sources */,
				F99B8E630FEC11B400701838 /* dyld_shared_cache_util.cpp in Sources */,
			);
			runOnlyForDeploymentPostprocessing = 0;
		};
		F9D1000F14D8D0BA00099D91 /* Sources */ = {
			isa = PBXSourcesBuildPhase;
			buildActionMask = 2147483647;
			files = (
				F9D1001814D8D13D00099D91 /* dsc_extractor.cpp in Sources */,
				F9D1001D14D8D19500099D91 /* dsc_iterator.cpp in Sources */,
			);
			runOnlyForDeploymentPostprocessing = 0;
		};
		F9ED4C950630A76000DF4E74 /* Sources */ = {
			isa = PBXSourcesBuildPhase;
			buildActionMask = 2147483647;
			files = (
				F9ED4CDF0630A7F100DF4E74 /* dyldStartup.s in Sources */,
				F9ED4CDB0630A7F100DF4E74 /* dyldInitialization.cpp in Sources */,
				F9ED4CD70630A7F100DF4E74 /* dyld.cpp in Sources */,
				F9ED4CD90630A7F100DF4E74 /* dyldAPIs.cpp in Sources */,
				F9ED4CDA0630A7F100DF4E74 /* dyldExceptions.c in Sources */,
				F9ED4CD60630A7F100DF4E74 /* dyld_gdb.cpp in Sources */,
				F9ED4CE00630A7F100DF4E74 /* glue.c in Sources */,
				F9ED4CE10630A7F100DF4E74 /* ImageLoader.cpp in Sources */,
				F9ED4CE30630A7F100DF4E74 /* ImageLoaderMachO.cpp in Sources */,
				F9ED4CE50630A7F100DF4E74 /* stub_binding_helper.s in Sources */,
				F9ED4CDE0630A7F100DF4E74 /* dyldNew.cpp in Sources */,
				F94DB9040F0A9B1700323715 /* ImageLoaderMachOClassic.cpp in Sources */,
				F94DB9050F0A9B1700323715 /* ImageLoaderMachOCompressed.cpp in Sources */,
			);
			runOnlyForDeploymentPostprocessing = 0;
		};
		F9ED4C9C0630A76B00DF4E74 /* Sources */ = {
			isa = PBXSourcesBuildPhase;
			buildActionMask = 2147483647;
			files = (
				F9F256360639DBCC00A7427D /* dyldLock.cpp in Sources */,
				F9BA514B0ECE4F4200D1D62E /* dyld_stub_binder.s in Sources */,
				F9A221E70F3A6D7C00D15F73 /* dyldLibSystemGlue.c in Sources */,
				F913FADA0630A8AE00B7AE9D /* dyldAPIsInLibSystem.cpp in Sources */,
				F906E2240639E96400B13DB2 /* dyld_debug.c in Sources */,
				F9A6D6E4116F9DF20051CC16 /* threadLocalVariables.c in Sources */,
				F9A6D70C116FBBD10051CC16 /* threadLocalHelpers.s in Sources */,
				F9D49CCC1458B95200F86ADD /* start_glue.s in Sources */,
			);
			runOnlyForDeploymentPostprocessing = 0;
		};
		F9F2A5560F7AEE9800B7C9EB /* Sources */ = {
			isa = PBXSourcesBuildPhase;
			buildActionMask = 2147483647;
			files = (
				F9F2A5700F7AEEE300B7C9EB /* dsc_iterator.cpp in Sources */,
				F9CE307A1208F1B50098B590 /* dsc_extractor.cpp in Sources */,
			);
			runOnlyForDeploymentPostprocessing = 0;
		};
/* End PBXSourcesBuildPhase section */

/* Begin PBXTargetDependency section */
		F908134811D3ED1A00626CC1 /* PBXTargetDependency */ = {
			isa = PBXTargetDependency;
			target = F9ED4C9E0630A76B00DF4E74 /* libdyld.dylib */;
			targetProxy = F908134711D3ED1A00626CC1 /* PBXContainerItemProxy */;
		};
		F93937380A94FB6A00070A07 /* PBXTargetDependency */ = {
			isa = PBXTargetDependency;
			target = F93937310A94FAF700070A07 /* update_dyld_shared_cache */;
			targetProxy = F93937370A94FB6A00070A07 /* PBXContainerItemProxy */;
		};
		F99B8EA00FEC195800701838 /* PBXTargetDependency */ = {
			isa = PBXTargetDependency;
			target = F99B8E550FEC10F600701838 /* dyld_shared_cache_util */;
			targetProxy = F99B8E9F0FEC195800701838 /* PBXContainerItemProxy */;
		};
		F99B8EB20FEC220C00701838 /* PBXTargetDependency */ = {
			isa = PBXTargetDependency;
			target = F99B8E550FEC10F600701838 /* dyld_shared_cache_util */;
			targetProxy = F99B8EB10FEC220C00701838 /* PBXContainerItemProxy */;
		};
		F9B4D78012AD9736000605A6 /* PBXTargetDependency */ = {
			isa = PBXTargetDependency;
			target = F9F2A5580F7AEE9800B7C9EB /* libdsc */;
			targetProxy = F9B4D77F12AD9736000605A6 /* PBXContainerItemProxy */;
		};
		F9CE330B120F40EA0098B590 /* PBXTargetDependency */ = {
			isa = PBXTargetDependency;
			target = F9F2A5580F7AEE9800B7C9EB /* libdsc */;
			targetProxy = F9CE330A120F40EA0098B590 /* PBXContainerItemProxy */;
		};
		F9D1004714D8D91100099D91 /* PBXTargetDependency */ = {
			isa = PBXTargetDependency;
			target = F9D1001114D8D0BA00099D91 /* dsc_extractor */;
			targetProxy = F9D1004614D8D91100099D91 /* PBXContainerItemProxy */;
		};
		F9ED4CA70630A78A00DF4E74 /* PBXTargetDependency */ = {
			isa = PBXTargetDependency;
			target = F9ED4C970630A76000DF4E74 /* dyld */;
			targetProxy = F9ED4CA60630A78A00DF4E74 /* PBXContainerItemProxy */;
		};
		F9ED4CA90630A78A00DF4E74 /* PBXTargetDependency */ = {
			isa = PBXTargetDependency;
			target = F9ED4C9E0630A76B00DF4E74 /* libdyld.dylib */;
			targetProxy = F9ED4CA80630A78A00DF4E74 /* PBXContainerItemProxy */;
		};
/* End PBXTargetDependency section */

/* Begin XCBuildConfiguration section */
		F908134311D3ED0C00626CC1 /* Debug */ = {
			isa = XCBuildConfiguration;
			buildSettings = {
				COPY_PHASE_STRIP = NO;
				GCC_DYNAMIC_NO_PIC = NO;
				GCC_OPTIMIZATION_LEVEL = 0;
				INSTALLHDRS_COPY_PHASE = YES;
				INSTALL_PATH_PREFIX = "$(INSTALL_PATH_PREFIX_$(PLATFORM_NAME))";
				INSTALL_PATH_PREFIX_iphonesimulator = "$(SDKROOT)";
				PRODUCT_NAME = libdyld;
			};
			name = Debug;
		};
		F908134411D3ED0C00626CC1 /* Release */ = {
			isa = XCBuildConfiguration;
			buildSettings = {
				COPY_PHASE_STRIP = YES;
				DEBUG_INFORMATION_FORMAT = "dwarf-with-dsym";
				INSTALLHDRS_COPY_PHASE = YES;
				INSTALL_PATH_PREFIX = "$(INSTALL_PATH_PREFIX_$(PLATFORM_NAME))";
				INSTALL_PATH_PREFIX_iphonesimulator = "$(SDKROOT)";
				PRODUCT_NAME = libdyld;
				ZERO_LINK = NO;
			};
			name = Release;
		};
		F93937350A94FB2900070A07 /* Debug */ = {
			isa = XCBuildConfiguration;
			buildSettings = {
				CLANG_CXX_LIBRARY = "libc++";
				COPY_PHASE_STRIP = NO;
				DEBUG_INFORMATION_FORMAT = dwarf;
				GCC_DYNAMIC_NO_PIC = NO;
				GCC_GENERATE_DEBUGGING_SYMBOLS = YES;
				GCC_OPTIMIZATION_LEVEL = 0;
				GCC_THREADSAFE_STATICS = NO;
				GCC_VERSION = com.apple.compilers.llvm.clang.1_0;
				GCC_WARN_CHECK_SWITCH_STATEMENTS = YES;
				GCC_WARN_EFFECTIVE_CPLUSPLUS_VIOLATIONS = NO;
				GCC_WARN_MISSING_PARENTHESES = YES;
				GCC_WARN_SHADOW = YES;
				GCC_WARN_TYPECHECK_CALLS_TO_PRINTF = YES;
				GCC_WARN_UNUSED_FUNCTION = YES;
				GCC_WARN_UNUSED_VARIABLE = YES;
				HEADER_SEARCH_PATHS = "$(SRCROOT)/include";
				OTHER_CPLUSPLUSFLAGS = (
					"-stdlib=libc++",
					"$(OTHER_CFLAGS)",
				);
				OTHER_LDFLAGS = "-stdlib=libc++";
				PRODUCT_NAME = update_dyld_shared_cache;
				VALID_ARCHS = "x86_64 i386";
			};
			name = Debug;
		};
		F93937360A94FB2900070A07 /* Release */ = {
			isa = XCBuildConfiguration;
			buildSettings = {
				ARCHS = x86_64;
				CLANG_CXX_LIBRARY = "libc++";
				COPY_PHASE_STRIP = NO;
				CURRENT_PROJECT_VERSION = "$(RC_ProjectSourceVersion)";
				DEBUG_INFORMATION_FORMAT = "dwarf-with-dsym";
				GCC_DYNAMIC_NO_PIC = NO;
				GCC_OPTIMIZATION_LEVEL = s;
				GCC_THREADSAFE_STATICS = NO;
				GCC_VERSION = com.apple.compilers.llvm.clang.1_0;
				GCC_WARN_TYPECHECK_CALLS_TO_PRINTF = YES;
				HEADER_SEARCH_PATHS = "$(SRCROOT)/include";
				INSTALL_PATH = "$(INSTALL_LOCATION)/usr/$(LOCAL)/bin";
				LOCAL = "$(LOCAL_$(RC_TARGET_CONFIG))";
				LOCAL_iPhone = local;
				OTHER_CPLUSPLUSFLAGS = (
					"-stdlib=libc++",
					"$(OTHER_CFLAGS)",
				);
				OTHER_LDFLAGS = "-stdlib=libc++";
				PRODUCT_NAME = update_dyld_shared_cache;
				STRIP_INSTALLED_PRODUCT = YES;
				STRIP_STYLE = debugging;
				VALID_ARCHS = "x86_64 i386";
				VERSIONING_SYSTEM = "apple-generic";
			};
			name = Release;
		};
		F99B8E580FEC10F600701838 /* Debug */ = {
			isa = XCBuildConfiguration;
			buildSettings = {
				ALWAYS_SEARCH_USER_PATHS = NO;
				COPY_PHASE_STRIP = NO;
				GCC_DYNAMIC_NO_PIC = NO;
				GCC_MODEL_TUNING = G5;
				GCC_OPTIMIZATION_LEVEL = 0;
				GCC_WARN_TYPECHECK_CALLS_TO_PRINTF = YES;
				INSTALL_PATH = "$(INSTALL_LOCATION)/usr/local/bin";
				PRODUCT_NAME = dyld_shared_cache_util;
			};
			name = Debug;
		};
		F99B8E590FEC10F600701838 /* Release */ = {
			isa = XCBuildConfiguration;
			buildSettings = {
				ALWAYS_SEARCH_USER_PATHS = NO;
				COPY_PHASE_STRIP = YES;
				DEBUG_INFORMATION_FORMAT = "dwarf-with-dsym";
				GCC_DYNAMIC_NO_PIC = NO;
				GCC_WARN_TYPECHECK_CALLS_TO_PRINTF = YES;
				INSTALL_PATH = "$(INSTALL_LOCATION)/usr/local/bin";
				PRODUCT_NAME = dyld_shared_cache_util;
				SKIP_INSTALL = NO;
			};
			name = Release;
		};
		F9D1001314D8D0BB00099D91 /* Debug */ = {
			isa = XCBuildConfiguration;
			buildSettings = {
				ALWAYS_SEARCH_USER_PATHS = NO;
				COPY_PHASE_STRIP = NO;
				DYLIB_COMPATIBILITY_VERSION = "";
				DYLIB_CURRENT_VERSION = "";
				EXECUTABLE_EXTENSION = bundle;
				GCC_DYNAMIC_NO_PIC = NO;
				GCC_INLINES_ARE_PRIVATE_EXTERN = YES;
				GCC_OPTIMIZATION_LEVEL = 0;
				INSTALL_PATH = "$(INSTALL_LOCATION)/usr/local/lib";
				MACH_O_TYPE = mh_bundle;
				OTHER_CPLUSPLUSFLAGS = (
					"-stdlib=libc++",
					"$(OTHER_CFLAGS)",
				);
				OTHER_LDFLAGS = (
					"-stdlib=libc++",
					"-Wl,-exported_symbol,_dyld_shared_cache_extract_dylibs_progress",
				);
				PRODUCT_NAME = dsc_extractor;
			};
			name = Debug;
		};
		F9D1001414D8D0BB00099D91 /* Release */ = {
			isa = XCBuildConfiguration;
			buildSettings = {
				ALWAYS_SEARCH_USER_PATHS = NO;
				COPY_PHASE_STRIP = YES;
				DEBUG_INFORMATION_FORMAT = "dwarf-with-dsym";
				DYLIB_COMPATIBILITY_VERSION = "";
				DYLIB_CURRENT_VERSION = "";
				EXECUTABLE_EXTENSION = bundle;
				GCC_INLINES_ARE_PRIVATE_EXTERN = YES;
				INSTALL_PATH = "$(INSTALL_LOCATION)/usr/local/lib";
				MACH_O_TYPE = mh_bundle;
				OTHER_CPLUSPLUSFLAGS = (
					"-stdlib=libc++",
					"$(OTHER_CFLAGS)",
				);
				OTHER_LDFLAGS = (
					"-stdlib=libc++",
					"-Wl,-exported_symbol,_dyld_shared_cache_extract_dylibs_progress",
				);
				PRODUCT_NAME = dsc_extractor;
				ZERO_LINK = NO;
			};
			name = Release;
		};
		F9D8C7DE087B087300E93EFB /* Debug */ = {
			isa = XCBuildConfiguration;
			buildSettings = {
				ALWAYS_SEARCH_USER_PATHS = NO;
				ARCHS = "$(ARCHS_STANDARD_64_BIT)";
				BASE_ADDRESS_armv4t = 0x2fe00000;
				BASE_ADDRESS_armv5 = 0x2fe00000;
				BASE_ADDRESS_armv6 = 0x2fe00000;
				BASE_ADDRESS_armv7 = 0x2fe00000;
				BASE_ADDRESS_armv7f = 0x2fe00000;
				BASE_ADDRESS_armv7k = 0x2fe00000;
				BASE_ADDRESS_armv7s = 0x2fe00000;
				BASE_ADDRESS_i386 = 0x8fe00000;
				BASE_ADDRESS_ppc = 0x8fe00000;
				BASE_ADDRESS_x86_64 = 0x7fff5fc00000;
				CLANG_CXX_LIBRARY = "libc++";
				CURRENT_PROJECT_VERSION = "$(RC_ProjectSourceVersion)";
				DEAD_CODE_STRIPPING = YES;
				DEBUG_INFORMATION_FORMAT = dwarf;
				ENTRY_iphoneos = "-Wl,-e,__dyld_start";
				ENTRY_iphonesimulator = "-Wl,-e,_start_sim";
				ENTRY_macosx = "-Wl,-e,__dyld_start";
				EXPORTED_SYMBOLS_FILE = "$(EXPORTS_$(PLATFORM_NAME))";
				EXPORTS_iphoneos = "$(SRCROOT)/src/dyld.exp";
				EXPORTS_iphonesimulator = "$(SRCROOT)/src/dyld_sim.exp";
				EXPORTS_macosx = "$(SRCROOT)/src/dyld.exp";
				GCC_C_LANGUAGE_STANDARD = c99;
				GCC_DYNAMIC_NO_PIC = NO;
				GCC_ENABLE_BUILTIN_FUNCTIONS = NO;
				GCC_OPTIMIZATION_LEVEL = 0;
				GCC_PREPROCESSOR_DEFINITIONS = "DYLD_VERSION=$(RC_ProjectSourceVersion)";
				GCC_SYMBOLS_PRIVATE_EXTERN = NO;
				GCC_WARN_ABOUT_DEPRECATED_FUNCTIONS = NO;
				GCC_WARN_ALLOW_INCOMPLETE_PROTOCOL = NO;
				GCC_WARN_MISSING_PARENTHESES = YES;
				GCC_WARN_TYPECHECK_CALLS_TO_PRINTF = YES;
				GCC_WARN_UNINITIALIZED_AUTOS = NO;
				HEADER_SEARCH_PATHS = (
					./include,
					"./launch-cache",
				);
				INSTALL_PATH = /usr/lib;
				LD_GENERATE_MAP_FILE = YES;
				OTHER_CFLAGS = "";
				OTHER_CPLUSPLUSFLAGS = (
					"-stdlib=libc++",
					"$(OTHER_CFLAGS)",
				);
				OTHER_LDFLAGS = (
					"-seg1addr",
					"$(BASE_ADDRESS_$(CURRENT_ARCH))",
					"@$(DERIVED_SOURCES_DIR)/archives.txt",
					"-nostdlib",
					"-Wl,-dylinker",
					"-Wl,-dylinker_install_name,/usr/lib/dyld",
					"-stdlib=libc++",
					"$(ALIGNMENT_$(CURRENT_ARCH))",
					"$(ENTRY_$(PLATFORM_NAME))",
				);
				PRODUCT_NAME = "$(PRODUCT_NAME_$(PLATFORM_NAME))";
				PRODUCT_NAME_iphoneos = dyld;
				PRODUCT_NAME_iphonesimulator = dyld_sim;
				PRODUCT_NAME_macosx = dyld;
				STRIPFLAGS = "-S";
				UNSTRIPPED_PRODUCT = NO;
				VERSIONING_SYSTEM = "apple-generic";
				WARNING_CFLAGS = (
					"-Wmost",
					"-Wno-four-char-constants",
				);
			};
			name = Debug;
		};
		F9D8C7E0087B087300E93EFB /* Release */ = {
			isa = XCBuildConfiguration;
			buildSettings = {
				ARCHS = "$(ARCHS_STANDARD_32_64_BIT)";
				BASE_ADDRESS_armv4t = 0x2fe00000;
				BASE_ADDRESS_armv5 = 0x2fe00000;
				BASE_ADDRESS_armv6 = 0x2fe00000;
				BASE_ADDRESS_armv7 = 0x2fe00000;
				BASE_ADDRESS_armv7f = 0x2fe00000;
				BASE_ADDRESS_armv7k = 0x2fe00000;
				BASE_ADDRESS_armv7s = 0x2fe00000;
				BASE_ADDRESS_i386 = 0x8fe00000;
				BASE_ADDRESS_ppc = 0x8fe00000;
				BASE_ADDRESS_x86_64 = 0x7fff5fc00000;
				CLANG_CXX_LIBRARY = "libc++";
				CURRENT_PROJECT_VERSION = "$(RC_ProjectSourceVersion)";
				DEAD_CODE_STRIPPING = YES;
				DEBUG_INFORMATION_FORMAT = "dwarf-with-dsym";
				ENTRY_iphoneos = "-Wl,-e,__dyld_start";
				ENTRY_iphonesimulator = "-Wl,-e,_start_sim";
				ENTRY_macosx = "-Wl,-e,__dyld_start";
				EXPORTED_SYMBOLS_FILE = "$(EXPORTS_$(PLATFORM_NAME))";
				EXPORTS_iphoneos = "$(SRCROOT)/src/dyld.exp";
				EXPORTS_iphonesimulator = "$(SRCROOT)/src/dyld_sim.exp";
				EXPORTS_macosx = "$(SRCROOT)/src/dyld.exp";
				GCC_C_LANGUAGE_STANDARD = c99;
				GCC_DYNAMIC_NO_PIC = NO;
				GCC_ENABLE_CPP_RTTI = NO;
				GCC_OPTIMIZATION_LEVEL = s;
				GCC_PREPROCESSOR_DEFINITIONS = "DYLD_VERSION=$(RC_ProjectSourceVersion)";
				GCC_SYMBOLS_PRIVATE_EXTERN = NO;
				GCC_WARN_ABOUT_DEPRECATED_FUNCTIONS = NO;
				GCC_WARN_TYPECHECK_CALLS_TO_PRINTF = YES;
				HEADER_SEARCH_PATHS = (
					./include,
					"./launch-cache",
				);
				INSTALL_PATH = /usr/lib;
				LD_GENERATE_MAP_FILE = YES;
				ORDER_FILE = "$(SRCROOT)/src/dyld.order";
				"OTHER_CFLAGS[arch=armv6]" = "-mthumb";
				OTHER_CPLUSPLUSFLAGS = (
					"-stdlib=libc++",
					"$(OTHER_CFLAGS)",
				);
				OTHER_LDFLAGS = (
					"-seg1addr",
					"$(BASE_ADDRESS_$(CURRENT_ARCH))",
					"@$(DERIVED_SOURCES_DIR)/archives.txt",
					"-nostdlib",
					"-Wl,-dylinker",
					"-Wl,-dylinker_install_name,/usr/lib/dyld",
					"-stdlib=libc++",
					"$(ALIGNMENT_$(CURRENT_ARCH))",
					"$(ENTRY_$(PLATFORM_NAME))",
				);
				PRODUCT_NAME = "$(PRODUCT_NAME_$(PLATFORM_NAME))";
				PRODUCT_NAME_iphoneos = dyld;
				PRODUCT_NAME_iphonesimulator = dyld_sim;
				PRODUCT_NAME_macosx = dyld;
				STRIPFLAGS = "-S";
				UNSTRIPPED_PRODUCT = NO;
				VERSIONING_SYSTEM = "apple-generic";
				WARNING_CFLAGS = (
					"-Wmost",
					"-Wno-four-char-constants",
					"-Wno-unknown-pragmas",
				);
			};
			name = Release;
		};
		F9D8C7E2087B087300E93EFB /* Debug */ = {
			isa = XCBuildConfiguration;
			buildSettings = {
				ARCHS = "$(ARCHS_STANDARD_32_64_BIT)";
				DEAD_CODE_STRIPPING = YES;
				EXECUTABLE_PREFIX = lib;
				EXPORT_OPTIONS_iphonesimulator = "-exported_symbols_list $(SRCROOT)/src/libdyld_sim.exp";
				GCC_C_LANGUAGE_STANDARD = gnu99;
				GCC_ENABLE_CPP_EXCEPTIONS = NO;
				GCC_ENABLE_CPP_RTTI = NO;
				GCC_OPTIMIZATION_LEVEL = 0;
				GCC_WARN_ABOUT_DEPRECATED_FUNCTIONS = NO;
				HEADER_SEARCH_PATHS = "$(SRCROOT)/include";
				INSTALL_PATH = /usr/lib/system;
				LIBSYSTEM_LIBS = "$(LIBSYSTEM_LIBS_$(PLATFORM_NAME))";
				LIBSYSTEM_LIBS_iphoneos = "-Wl,-upward-lsystem_platform -Wl,-upward-lsystem_malloc -Wl,-upward-lsystem_c -Wl,-upward-lsystem_pthread -Wl,-upward-llaunch -Wl,-upward-lsystem_blocks -Wl,-upward-lsystem_kernel";
				LIBSYSTEM_LIBS_iphonesimulator = "-Wl,-upward-lsystem_sim_c  -Wl,-upward-lSystem -Wl,-reexport_library,/usr/lib/system/libdyld.dylib -Wl,-allow_simulator_linking_to_macosx_dylibs";
				LIBSYSTEM_LIBS_macosx = "-Wl,-upward-lsystem_platform -Wl,-upward-lsystem_malloc -Wl,-upward-lsystem_c -Wl,-upward-lsystem_pthread -Wl,-upward-llaunch -Wl,-upward-lsystem_blocks -Wl,-upward-lsystem_kernel";
				OTHER_LDFLAGS = (
					"-nostdlib",
					"$(LIBSYSTEM_LIBS)",
					"-umbrella",
					System,
					"$(EXPORT_OPTIONS_$(PLATFORM_NAME))",
					"-L$(SDKROOT)/usr/lib/system",
				);
				PRODUCT_NAME = "$(PRODUCT_NAME_$(PLATFORM_NAME))";
				PRODUCT_NAME_iphoneos = dyld;
				PRODUCT_NAME_iphonesimulator = dyld_sim;
				PRODUCT_NAME_macosx = dyld;
				WARNING_CFLAGS = (
					"-Wmost",
					"-Wno-four-char-constants",
					"-Wno-unknown-pragmas",
				);
			};
			name = Debug;
		};
		F9D8C7E4087B087300E93EFB /* Release */ = {
			isa = XCBuildConfiguration;
			buildSettings = {
				ARCHS = (
					x86_64,
					i386,
				);
				COPY_PHASE_STRIP = YES;
				CURRENT_PROJECT_VERSION = "$(RC_ProjectSourceVersion)";
				DEAD_CODE_STRIPPING = YES;
				DEBUG_INFORMATION_FORMAT = "dwarf-with-dsym";
				DYLIB_CURRENT_VERSION = "$(RC_ProjectSourceVersion)";
				EXECUTABLE_PREFIX = lib;
				EXPORT_OPTIONS_iphonesimulator = "-exported_symbols_list $(SRCROOT)/src/libdyld_sim.exp";
				GCC_C_LANGUAGE_STANDARD = gnu99;
				GCC_ENABLE_CPP_EXCEPTIONS = NO;
				GCC_ENABLE_CPP_RTTI = NO;
				GCC_GENERATE_DEBUGGING_SYMBOLS = YES;
				GCC_WARN_ABOUT_DEPRECATED_FUNCTIONS = NO;
				HEADER_SEARCH_PATHS = "$(SRCROOT)/include";
				INSTALLHDRS_COPY_PHASE = YES;
				INSTALL_PATH = /usr/lib/system;
				LIBSYSTEM_LIBS = "$(LIBSYSTEM_LIBS_$(PLATFORM_NAME))";
				LIBSYSTEM_LIBS_iphoneos = "-Wl,-upward-lsystem_platform -Wl,-upward-lsystem_malloc -Wl,-upward-lsystem_c -Wl,-upward-lsystem_pthread -Wl,-upward-llaunch -Wl,-upward-lsystem_blocks -Wl,-upward-lsystem_kernel";
				LIBSYSTEM_LIBS_iphonesimulator = "-Wl,-upward-lsystem_sim_c  -Wl,-upward-lSystem -Wl,-reexport_library,/usr/lib/system/libdyld.dylib -Wl,-allow_simulator_linking_to_macosx_dylibs";
				LIBSYSTEM_LIBS_macosx = "-Wl,-upward-lsystem_platform -Wl,-upward-lsystem_malloc -Wl,-upward-lsystem_c -Wl,-upward-lsystem_pthread -Wl,-upward-llaunch -Wl,-upward-lsystem_blocks -Wl,-upward-lsystem_kernel";
				OTHER_CPLUSPLUSFLAGS = (
					"-fno-exceptions",
					"$(OTHER_CFLAGS)",
				);
				OTHER_LDFLAGS = (
					"-nostdlib",
					"$(LIBSYSTEM_LIBS)",
					"-umbrella",
					System,
					"$(EXPORT_OPTIONS_$(PLATFORM_NAME))",
					"-L$(SDKROOT)/usr/lib/system",
				);
				PRODUCT_NAME = "$(PRODUCT_NAME_$(PLATFORM_NAME))";
				PRODUCT_NAME_iphoneos = dyld;
				PRODUCT_NAME_iphonesimulator = dyld_sim;
				PRODUCT_NAME_macosx = dyld;
				SEPARATE_STRIP = YES;
				STRIP_INSTALLED_PRODUCT = YES;
				VERSIONING_SYSTEM = "apple-generic";
				WARNING_CFLAGS = (
					"-Wmost",
					"-Wno-four-char-constants",
					"-Wno-unknown-pragmas",
				);
			};
			name = Release;
		};
		F9D8C7E6087B087300E93EFB /* Debug */ = {
			isa = XCBuildConfiguration;
			buildSettings = {
				PRODUCT_NAME = all;
			};
			name = Debug;
		};
		F9D8C7E8087B087300E93EFB /* Release */ = {
			isa = XCBuildConfiguration;
			buildSettings = {
				PRODUCT_NAME = all;
			};
			name = Release;
		};
		F9D8C7EA087B087300E93EFB /* Debug */ = {
			isa = XCBuildConfiguration;
			buildSettings = {
				CLANG_CXX_LIBRARY = "compiler-default";
			};
			name = Debug;
		};
		F9D8C7EC087B087300E93EFB /* Release */ = {
			isa = XCBuildConfiguration;
			buildSettings = {
				CLANG_CXX_LIBRARY = "compiler-default";
			};
			name = Release;
		};
		F9F2A55A0F7AEE9900B7C9EB /* Debug */ = {
			isa = XCBuildConfiguration;
			buildSettings = {
				ALWAYS_SEARCH_USER_PATHS = NO;
				COPY_PHASE_STRIP = NO;
				GCC_DYNAMIC_NO_PIC = NO;
				GCC_INLINES_ARE_PRIVATE_EXTERN = YES;
				GCC_MODEL_TUNING = G5;
				GCC_OPTIMIZATION_LEVEL = 0;
				GCC_SYMBOLS_PRIVATE_EXTERN = YES;
				INSTALL_PATH = /usr/local/lib;
				OTHER_CPLUSPLUSFLAGS = (
					"-stdlib=libc++",
					"$(OTHER_CFLAGS)",
				);
				PRODUCT_NAME = dsc;
			};
			name = Debug;
		};
		F9F2A55B0F7AEE9900B7C9EB /* Release */ = {
			isa = XCBuildConfiguration;
			buildSettings = {
				COPY_PHASE_STRIP = NO;
				GCC_ENABLE_CPP_EXCEPTIONS = NO;
				GCC_ENABLE_CPP_RTTI = NO;
				GCC_ENABLE_OBJC_EXCEPTIONS = NO;
				GCC_INLINES_ARE_PRIVATE_EXTERN = YES;
				GCC_MODEL_TUNING = G5;
				GCC_SYMBOLS_PRIVATE_EXTERN = YES;
				GCC_TREAT_IMPLICIT_FUNCTION_DECLARATIONS_AS_ERRORS = YES;
				GCC_WARN_ABOUT_RETURN_TYPE = YES;
				GCC_WARN_PEDANTIC = NO;
				GCC_WARN_SHADOW = NO;
				GCC_WARN_SIGN_COMPARE = YES;
				GCC_WARN_UNINITIALIZED_AUTOS = YES;
				GCC_WARN_UNUSED_VARIABLE = YES;
				INSTALLHDRS_COPY_PHASE = YES;
				INSTALL_PATH = "$(INSTALL_LOCATION)/usr/local/lib";
				OTHER_CPLUSPLUSFLAGS = (
					"-stdlib=libc++",
					"$(OTHER_CFLAGS)",
				);
				PRODUCT_NAME = dsc;
				ZERO_LINK = NO;
			};
			name = Release;
		};
/* End XCBuildConfiguration section */

/* Begin XCConfigurationList section */
		F908135211D3ED9000626CC1 /* Build configuration list for PBXAggregateTarget "libdyld" */ = {
			isa = XCConfigurationList;
			buildConfigurations = (
				F908134311D3ED0C00626CC1 /* Debug */,
				F908134411D3ED0C00626CC1 /* Release */,
			);
			defaultConfigurationIsVisible = 0;
			defaultConfigurationName = Release;
		};
		F93937340A94FB2900070A07 /* Build configuration list for PBXNativeTarget "update_dyld_shared_cache" */ = {
			isa = XCConfigurationList;
			buildConfigurations = (
				F93937350A94FB2900070A07 /* Debug */,
				F93937360A94FB2900070A07 /* Release */,
			);
			defaultConfigurationIsVisible = 0;
			defaultConfigurationName = Release;
		};
		F99B8E5D0FEC10F800701838 /* Build configuration list for PBXNativeTarget "dyld_shared_cache_util" */ = {
			isa = XCConfigurationList;
			buildConfigurations = (
				F99B8E580FEC10F600701838 /* Debug */,
				F99B8E590FEC10F600701838 /* Release */,
			);
			defaultConfigurationIsVisible = 0;
			defaultConfigurationName = Release;
		};
		F9D1001714D8D0F100099D91 /* Build configuration list for PBXNativeTarget "dsc_extractor" */ = {
			isa = XCConfigurationList;
			buildConfigurations = (
				F9D1001314D8D0BB00099D91 /* Debug */,
				F9D1001414D8D0BB00099D91 /* Release */,
			);
			defaultConfigurationIsVisible = 0;
			defaultConfigurationName = Release;
		};
		F9D8C7DD087B087300E93EFB /* Build configuration list for PBXNativeTarget "dyld" */ = {
			isa = XCConfigurationList;
			buildConfigurations = (
				F9D8C7DE087B087300E93EFB /* Debug */,
				F9D8C7E0087B087300E93EFB /* Release */,
			);
			defaultConfigurationIsVisible = 0;
			defaultConfigurationName = Release;
		};
		F9D8C7E1087B087300E93EFB /* Build configuration list for PBXNativeTarget "libdyld.dylib" */ = {
			isa = XCConfigurationList;
			buildConfigurations = (
				F9D8C7E2087B087300E93EFB /* Debug */,
				F9D8C7E4087B087300E93EFB /* Release */,
			);
			defaultConfigurationIsVisible = 0;
			defaultConfigurationName = Release;
		};
		F9D8C7E5087B087300E93EFB /* Build configuration list for PBXAggregateTarget "all" */ = {
			isa = XCConfigurationList;
			buildConfigurations = (
				F9D8C7E6087B087300E93EFB /* Debug */,
				F9D8C7E8087B087300E93EFB /* Release */,
			);
			defaultConfigurationIsVisible = 0;
			defaultConfigurationName = Release;
		};
		F9D8C7E9087B087300E93EFB /* Build configuration list for PBXProject "dyld" */ = {
			isa = XCConfigurationList;
			buildConfigurations = (
				F9D8C7EA087B087300E93EFB /* Debug */,
				F9D8C7EC087B087300E93EFB /* Release */,
			);
			defaultConfigurationIsVisible = 0;
			defaultConfigurationName = Release;
		};
		F9F2A56B0F7AEEB100B7C9EB /* Build configuration list for PBXNativeTarget "libdsc" */ = {
			isa = XCConfigurationList;
			buildConfigurations = (
				F9F2A55A0F7AEE9900B7C9EB /* Debug */,
				F9F2A55B0F7AEE9900B7C9EB /* Release */,
			);
			defaultConfigurationIsVisible = 0;
			defaultConfigurationName = Release;
		};
/* End XCConfigurationList section */
	};
	rootObject = F9ED4C8B0630A72300DF4E74 /* Project object */;
}
